{
  "originHash" : "718b2cf59259d265597cd9c7271042a7712daa9ca85bb1e774270ea22ebe4a3f",
  "pins" : [
    {
      "identity" : "smjobkit",
      "kind" : "remoteSourceControl",
      "location" : "https://github.com/IngmarStein/SMJobKit",
      "state" : {
        "revision" : "4ed936712e6994a037581d33e1afbadda15e3394",
        "version" : "0.0.21"
      }
    },
    {
      "identity" : "sparkle",
      "kind" : "remoteSourceControl",
      "location" : "https://github.com/sparkle-project/Sparkle",
      "state" : {
        "revision" : "5581748cef2bae787496fe6d61139aebe0a451f6",
        "version" : "2.8.1"
      }
    },
    {
      "identity" : "swift-argument-parser",
      "kind" : "remoteSourceControl",
      "location" : "https://github.com/apple/swift-argument-parser",
      "state" : {
        "revision" : "c5d11a805e765f52ba34ec7284bd4fcd6ba68615",
        "version" : "1.7.0"
      }
    }
  ],
  "version" : 3
}
