PODS:
  - Crashlytics (3.7.0):
    - Fabric (~> 1.6.3)
  - Fabric (1.6.7)
  - SMJobKit (0.0.7)

DEPENDENCIES:
  - Crashlytics (~> 3.7.0)
  - Fabric (~> 1.6.7)
  - SMJobKit (~> 0.0.7)

SPEC CHECKSUMS:
  Crashlytics: c3a2333dea9e2733d2777f730910321fc9e25c0d
  Fabric: caf7580c725e64db144f610ac65cd60956911dc7
  SMJobKit: f6faf869f96117fbbe98db0afdf6e9e067ea0a16

PODFILE CHECKSUM: 07db97c8c84e96cf0c982face7a2920f3e2b66d0

COCOAPODS: 1.0.0.beta.6
