PODS:
  - Crashlytics (3.8.6):
    - Fabric (~> 1.6.3)
  - Fabric (1.6.13)
  - SMJobKit (0.0.17)

DEPENDENCIES:
  - Crashlytics (~> 3.8.5)
  - Fabric (~> 1.6.12)
  - SMJobKit (~> 0.0.17)

SPEC CHECKSUMS:
  Crashlytics: 95d05f4e4c19a771250c4bd9ce344d996de32bbf
  Fabric: 2fb5676bc811af011a04513451f463dac6803206
  SMJobKit: 513975580e198a79098dc7a407df7941e35f95c3

PODFILE CHECKSUM: aeadfac489d864ffbbd4329868572ae81b576ed1

COCOAPODS: 1.3.1
