PODS:
  - Crashlytics (3.7.1):
    - Fabric (~> 1.6.3)
  - Fabric (1.6.7)
  - SMJobKit (0.0.9)

DEPENDENCIES:
  - Crashlytics (~> 3.7.1)
  - Fabric (~> 1.6.7)
  - SMJobKit (~> 0.0.9)

SPEC CHECKSUMS:
  Crashlytics: 3cdd4c9655be68032a0cf0379e0fb5ef6af22cad
  Fabric: caf7580c725e64db144f610ac65cd60956911dc7
  SMJobKit: b359d2c035e50cacee1237c53b56db695e703f66

PODFILE CHECKSUM: 846908aea1209025d96ae38f6266082f736a3c4b

COCOAPODS: 1.0.1
