{
  "object": {
    "pins": [
      {
        "package": "SMJobKit",
        "repositoryURL": "https://github.com/IngmarStein/SMJobKit.git",
        "state": {
          "branch": null,
          "revision": "7fb6a50d446e25259a8f89ca51f528d2f9ef67ea",
          "version": "0.0.20"
        }
      },
      {
        "package": "swift-argument-parser",
        "repositoryURL": "https://github.com/apple/swift-argument-parser",
        "state": {
          "branch": null,
          "revision": "f6ac7b8118ff5d1bc0faee7f37bf6f8fd8f95602",
          "version": "0.0.1"
        }
      }
    ]
  },
  "version": 1
}
