{
  "object": {
    "pins": [
      {
        "package": "CommandLineKit",
        "repositoryURL": "https://github.com/IngmarStein/CommandLineKit.git",
        "state": {
          "branch": null,
          "revision": "688ec349bf793fbdd3562d2e301c189db2f7a655",
          "version": "2.3.0"
        }
      },
      {
        "package": "SMJobKit",
        "repositoryURL": "https://github.com/IngmarStein/SMJobKit.git",
        "state": {
          "branch": null,
          "revision": "7fb6a50d446e25259a8f89ca51f528d2f9ef67ea",
          "version": "0.0.20"
        }
      }
    ]
  },
  "version": 1
}
