// !$*UTF8*$!
{
	archiveVersion = 1;
	classes = {
	};
	objectVersion = 47;
	objects = {

/* Begin PBXBuildFile section */
		25E57B5203D0CD21F9A42759 /* Pods_Monolingual.framework in Frameworks */ = {isa = PBXBuildFile; fileRef = 9F63A03F3AF9E47EB48A4F2D /* Pods_Monolingual.framework */; };
		44285B293E1FBFA44B315991 /* Pods_XPCService.framework in Frameworks */ = {isa = PBXBuildFile; fileRef = 699B8372FB555B68E76B6D0D /* Pods_XPCService.framework */; };
		950ED26C1976AA6400BAC239 /* LanguageSetting.swift in Sources */ = {isa = PBXBuildFile; fileRef = 950ED26B1976AA6400BAC239 /* LanguageSetting.swift */; };
		950ED26E1976AA6D00BAC239 /* BlacklistEntry.swift in Sources */ = {isa = PBXBuildFile; fileRef = 950ED26D1976AA6D00BAC239 /* BlacklistEntry.swift */; };
		950ED2711976AA9D00BAC239 /* ArchitectureSetting.swift in Sources */ = {isa = PBXBuildFile; fileRef = 950ED2701976AA9D00BAC239 /* ArchitectureSetting.swift */; };
		950ED2731976AAB600BAC239 /* Root.swift in Sources */ = {isa = PBXBuildFile; fileRef = 950ED2721976AAB600BAC239 /* Root.swift */; };
		95337A211B09EAC600303823 /* Sparkle.framework in Frameworks */ = {isa = PBXBuildFile; fileRef = 95337A201B09EAC600303823 /* Sparkle.framework */; };
		95337A231B09EB5600303823 /* Sparkle.framework in Copy Frameworks */ = {isa = PBXBuildFile; fileRef = 95337A201B09EAC600303823 /* Sparkle.framework */; settings = {ATTRIBUTES = (RemoveHeadersOnCopy, ); }; };
		95355AD31AD7F31200872850 /* main.swift in Sources */ = {isa = PBXBuildFile; fileRef = 95355AD21AD7F31200872850 /* main.swift */; };
		95355AD51AD7F50200872850 /* HelperProtocol.swift in Sources */ = {isa = PBXBuildFile; fileRef = 95355AD41AD7F50200872850 /* HelperProtocol.swift */; };
		95355AD61AD7F50200872850 /* HelperProtocol.swift in Sources */ = {isa = PBXBuildFile; fileRef = 95355AD41AD7F50200872850 /* HelperProtocol.swift */; };
		95355AD71AD7F50200872850 /* HelperProtocol.swift in Sources */ = {isa = PBXBuildFile; fileRef = 95355AD41AD7F50200872850 /* HelperProtocol.swift */; };
		95355AD91AD7F5C500872850 /* HelperRequest.swift in Sources */ = {isa = PBXBuildFile; fileRef = 95355AD81AD7F5C500872850 /* HelperRequest.swift */; };
		95355ADB1AD7FA4A00872850 /* HelperRequest.swift in Sources */ = {isa = PBXBuildFile; fileRef = 95355AD81AD7F5C500872850 /* HelperRequest.swift */; };
		95355ADC1AD7FA5600872850 /* HelperRequest.swift in Sources */ = {isa = PBXBuildFile; fileRef = 95355AD81AD7F5C500872850 /* HelperRequest.swift */; };
		95355ADE1AD7FAF900872850 /* HelperContext.swift in Sources */ = {isa = PBXBuildFile; fileRef = 95355ADD1AD7FAF900872850 /* HelperContext.swift */; };
		95355AE01AD806DD00872850 /* Helper.swift in Sources */ = {isa = PBXBuildFile; fileRef = 95355ADF1AD806DD00872850 /* Helper.swift */; };
		9539D83811453596007E698C /* blacklist.plist in Resources */ = {isa = PBXBuildFile; fileRef = 9539D83711453596007E698C /* blacklist.plist */; };
		955263A11AE67351001AD4F3 /* Helper_Tests.swift in Sources */ = {isa = PBXBuildFile; fileRef = 955263A01AE67351001AD4F3 /* Helper_Tests.swift */; };
		955263A51AE67594001AD4F3 /* HelperRequest.swift in Sources */ = {isa = PBXBuildFile; fileRef = 95355AD81AD7F5C500872850 /* HelperRequest.swift */; };
		955263A61AE675AE001AD4F3 /* Helper.swift in Sources */ = {isa = PBXBuildFile; fileRef = 95355ADF1AD806DD00872850 /* Helper.swift */; };
		955263A71AE675AE001AD4F3 /* HelperContext.swift in Sources */ = {isa = PBXBuildFile; fileRef = 95355ADD1AD7FAF900872850 /* HelperContext.swift */; };
		955263A81AE6770F001AD4F3 /* HelperProtocol.swift in Sources */ = {isa = PBXBuildFile; fileRef = 95355AD41AD7F50200872850 /* HelperProtocol.swift */; };
		95527CE319741A540092C744 /* AppDelegate.swift in Sources */ = {isa = PBXBuildFile; fileRef = 95527CE219741A540092C744 /* AppDelegate.swift */; };
		95527CE519741A930092C744 /* Log.swift in Sources */ = {isa = PBXBuildFile; fileRef = 95527CE419741A930092C744 /* Log.swift */; };
		9558F7900615953200F6DE23 /* Credits.html in Resources */ = {isa = PBXBuildFile; fileRef = 9558F78F0615953200F6DE23 /* Credits.html */; };
		9558F815061598BA00F6DE23 /* Lies-mich.rtfd in Resources */ = {isa = PBXBuildFile; fileRef = 9558F813061598BA00F6DE23 /* Lies-mich.rtfd */; };
		9558F816061598BA00F6DE23 /* README.rtfd in Resources */ = {isa = PBXBuildFile; fileRef = 9558F814061598BA00F6DE23 /* README.rtfd */; };
		955CE2971B20D8D800F64646 /* CommandLine.swift in Sources */ = {isa = PBXBuildFile; fileRef = 955CE2941B20D8D800F64646 /* CommandLine.swift */; };
		955CE2981B20D8D800F64646 /* Option.swift in Sources */ = {isa = PBXBuildFile; fileRef = 955CE2951B20D8D800F64646 /* Option.swift */; };
		955CE2991B20D8D800F64646 /* StringExtensions.swift in Sources */ = {isa = PBXBuildFile; fileRef = 955CE2961B20D8D800F64646 /* StringExtensions.swift */; };
		9572AB171977E8E5002E4AF4 /* Setting.swift in Sources */ = {isa = PBXBuildFile; fileRef = 9572AB161977E8E5002E4AF4 /* Setting.swift */; };
		959CEEDD19714E0500A433C0 /* ISTableView.swift in Sources */ = {isa = PBXBuildFile; fileRef = 959CEED919714E0500A433C0 /* ISTableView.swift */; };
		959CEEDF19714E0500A433C0 /* PreferencesViewController.swift in Sources */ = {isa = PBXBuildFile; fileRef = 959CEEDB19714E0500A433C0 /* PreferencesViewController.swift */; };
		959CEEE019714E0500A433C0 /* ProgressViewController.swift in Sources */ = {isa = PBXBuildFile; fileRef = 959CEEDC19714E0500A433C0 /* ProgressViewController.swift */; };
		959CEEE21972F29B00A433C0 /* MainViewController.swift in Sources */ = {isa = PBXBuildFile; fileRef = 959CEEE11972F29B00A433C0 /* MainViewController.swift */; };
		95A1302E0608F92F00D8E30C /* InfoPlist.strings in Resources */ = {isa = PBXBuildFile; fileRef = 089C165CFE840E0CC02AAC07 /* InfoPlist.strings */; };
		95A130360608F92F00D8E30C /* Localizable.strings in Resources */ = {isa = PBXBuildFile; fileRef = F51C1B3401F29B1C0120C6FA /* Localizable.strings */; };
		95A74F3A197410EF005D3792 /* Main.storyboard in Resources */ = {isa = PBXBuildFile; fileRef = 95A74F38197410EF005D3792 /* Main.storyboard */; };
		95B70C4A1AD2715600801026 /* LICENSE.txt in Resources */ = {isa = PBXBuildFile; fileRef = 95B70C491AD2715500801026 /* LICENSE.txt */; };
		95B9D1811769CF3A0072A7E0 /* Media.xcassets in Resources */ = {isa = PBXBuildFile; fileRef = 95B9D1801769CF3A0072A7E0 /* Media.xcassets */; };
		95CA05381B93680E000ABDCE /* hello1 in Resources */ = {isa = PBXBuildFile; fileRef = 95CA05351B93680E000ABDCE /* hello1 */; };
		95CA05391B93680E000ABDCE /* hello2 in Resources */ = {isa = PBXBuildFile; fileRef = 95CA05361B93680E000ABDCE /* hello2 */; };
		95CA053A1B93680E000ABDCE /* hello3 in Resources */ = {isa = PBXBuildFile; fileRef = 95CA05371B93680E000ABDCE /* hello3 */; };
		95CD5C3E1ADAF765009DBCD0 /* Localizable.strings in Resources */ = {isa = PBXBuildFile; fileRef = F51C1B3401F29B1C0120C6FA /* Localizable.strings */; };
		95CEEA4E1ACD94210043CEDC /* LEESMIJ.rtfd in Resources */ = {isa = PBXBuildFile; fileRef = 95CEEA4D1ACD94210043CEDC /* LEESMIJ.rtfd */; };
		95D7A922098D48B700DCE08D /* Leggimi.rtfd in Resources */ = {isa = PBXBuildFile; fileRef = 95D7A921098D48B700DCE08D /* Leggimi.rtfd */; };
		95E236E61AD526DF00076008 /* Monolingual.xpc in Embed XPC Services */ = {isa = PBXBuildFile; fileRef = 95E236DA1AD526DF00076008 /* Monolingual.xpc */; settings = {ATTRIBUTES = (RemoveHeadersOnCopy, ); }; };
		95E236ED1AD526F700076008 /* XPCServiceProtocol.swift in Sources */ = {isa = PBXBuildFile; fileRef = 95E236EC1AD526F700076008 /* XPCServiceProtocol.swift */; };
		95E236EE1AD526F700076008 /* XPCServiceProtocol.swift in Sources */ = {isa = PBXBuildFile; fileRef = 95E236EC1AD526F700076008 /* XPCServiceProtocol.swift */; };
		95E236F01AD52C0E00076008 /* XPCService.swift in Sources */ = {isa = PBXBuildFile; fileRef = 95E236EF1AD52C0E00076008 /* XPCService.swift */; };
		95E236F21AD52C7100076008 /* main.swift in Sources */ = {isa = PBXBuildFile; fileRef = 95E236F11AD52C7100076008 /* main.swift */; };
		95E236F61AD5332800076008 /* com.github.IngmarStein.Monolingual.Helper in CopyFiles */ = {isa = PBXBuildFile; fileRef = 95C3C9600610144300D417BC /* com.github.IngmarStein.Monolingual.Helper */; settings = {ATTRIBUTES = (CodeSignOnCopy, ); }; };
		95E236F71AD5356B00076008 /* MonolingualHelperClient.swift in Sources */ = {isa = PBXBuildFile; fileRef = 959CEEAA197140FC00A433C0 /* MonolingualHelperClient.swift */; };
		95E2DEA41AEE593800243579 /* lipo.swift in Sources */ = {isa = PBXBuildFile; fileRef = 95EB7AA51AE6E52B0066369B /* lipo.swift */; };
		95EB7AAF1AE777F90066369B /* main.swift in Sources */ = {isa = PBXBuildFile; fileRef = 95EB7AAE1AE777F90066369B /* main.swift */; };
		95EB7AB31AE7780C0066369B /* lipo.swift in Sources */ = {isa = PBXBuildFile; fileRef = 95EB7AA51AE6E52B0066369B /* lipo.swift */; };
		95EB7AB41AE7B0FB0066369B /* lipo.swift in Sources */ = {isa = PBXBuildFile; fileRef = 95EB7AA51AE6E52B0066369B /* lipo.swift */; };
		95EDCC88062C4264007229A3 /* LisezMoi.rtfd in Resources */ = {isa = PBXBuildFile; fileRef = 95EDCC87062C4264007229A3 /* LisezMoi.rtfd */; };
		95F7771D0ECC2644009C621B /* dsa_pub.pem in Resources */ = {isa = PBXBuildFile; fileRef = 95F7771C0ECC2644009C621B /* dsa_pub.pem */; };
/* End PBXBuildFile section */

/* Begin PBXContainerItemProxy section */
		95E236E41AD526DF00076008 /* PBXContainerItemProxy */ = {
			isa = PBXContainerItemProxy;
			containerPortal = 29B97313FDCFA39411CA2CEA /* Project object */;
			proxyType = 1;
			remoteGlobalIDString = 95E236D91AD526DF00076008;
			remoteInfo = XPCService;
		};
		95E236F31AD532E400076008 /* PBXContainerItemProxy */ = {
			isa = PBXContainerItemProxy;
			containerPortal = 29B97313FDCFA39411CA2CEA /* Project object */;
			proxyType = 1;
			remoteGlobalIDString = 95C3C95F0610144300D417BC;
			remoteInfo = net.sourceforge.MonolingualHelper;
		};
/* End PBXContainerItemProxy section */

/* Begin PBXCopyFilesBuildPhase section */
		95337A221B09EB4200303823 /* Copy Frameworks */ = {
			isa = PBXCopyFilesBuildPhase;
			buildActionMask = 2147483647;
			dstPath = "";
			dstSubfolderSpec = 10;
			files = (
				95337A231B09EB5600303823 /* Sparkle.framework in Copy Frameworks */,
			);
			name = "Copy Frameworks";
			runOnlyForDeploymentPostprocessing = 0;
		};
		95E236EA1AD526DF00076008 /* Embed XPC Services */ = {
			isa = PBXCopyFilesBuildPhase;
			buildActionMask = 2147483647;
			dstPath = "$(CONTENTS_FOLDER_PATH)/XPCServices";
			dstSubfolderSpec = 16;
			files = (
				95E236E61AD526DF00076008 /* Monolingual.xpc in Embed XPC Services */,
			);
			name = "Embed XPC Services";
			runOnlyForDeploymentPostprocessing = 0;
		};
		95E236F51AD5331300076008 /* CopyFiles */ = {
			isa = PBXCopyFilesBuildPhase;
			buildActionMask = 2147483647;
			dstPath = Contents/Library/LaunchServices;
			dstSubfolderSpec = 1;
			files = (
				95E236F61AD5332800076008 /* com.github.IngmarStein.Monolingual.Helper in CopyFiles */,
			);
			runOnlyForDeploymentPostprocessing = 0;
		};
		95EB7AAA1AE777F90066369B /* CopyFiles */ = {
			isa = PBXCopyFilesBuildPhase;
			buildActionMask = 2147483647;
			dstPath = /usr/share/man/man1/;
			dstSubfolderSpec = 0;
			files = (
			);
			runOnlyForDeploymentPostprocessing = 1;
		};
/* End PBXCopyFilesBuildPhase section */

/* Begin PBXFileReference section */
		089C165DFE840E0CC02AAC07 /* English */ = {isa = PBXFileReference; fileEncoding = 10; lastKnownFileType = text.plist.strings; lineEnding = 0; name = English; path = Resources/en.lproj/InfoPlist.strings; sourceTree = "<group>"; xcLanguageSpecificationIdentifier = xcode.lang.simpleColoring; };
		271E7D7E5ACCB0766DF3580A /* Pods-Monolingual.release.xcconfig */ = {isa = PBXFileReference; includeInIndex = 1; lastKnownFileType = text.xcconfig; name = "Pods-Monolingual.release.xcconfig"; path = "Pods/Target Support Files/Pods-Monolingual/Pods-Monolingual.release.xcconfig"; sourceTree = "<group>"; };
		2BCD7FCA097D043900FE7723 /* Italian */ = {isa = PBXFileReference; lastKnownFileType = text.html; name = Italian; path = Resources/it.lproj/Credits.html; sourceTree = "<group>"; };
		3579871AA54059DABA10CC7E /* Pods-Monolingual.debug.xcconfig */ = {isa = PBXFileReference; includeInIndex = 1; lastKnownFileType = text.xcconfig; name = "Pods-Monolingual.debug.xcconfig"; path = "Pods/Target Support Files/Pods-Monolingual/Pods-Monolingual.debug.xcconfig"; sourceTree = "<group>"; };
		699B8372FB555B68E76B6D0D /* Pods_XPCService.framework */ = {isa = PBXFileReference; explicitFileType = wrapper.framework; includeInIndex = 0; path = Pods_XPCService.framework; sourceTree = BUILT_PRODUCTS_DIR; };
		832AA36A7030E9574F2C948A /* Pods-XPCService.release.xcconfig */ = {isa = PBXFileReference; includeInIndex = 1; lastKnownFileType = text.xcconfig; name = "Pods-XPCService.release.xcconfig"; path = "Pods/Target Support Files/Pods-XPCService/Pods-XPCService.release.xcconfig"; sourceTree = "<group>"; };
		950217331AD16E7600907A24 /* ro */ = {isa = PBXFileReference; lastKnownFileType = text.html; name = ro; path = Resources/ro.lproj/Credits.html; sourceTree = "<group>"; };
		950217341AD16F8D00907A24 /* ro */ = {isa = PBXFileReference; fileEncoding = 10; lastKnownFileType = text.plist.strings; lineEnding = 0; name = ro; path = Resources/ro.lproj/InfoPlist.strings; sourceTree = "<group>"; xcLanguageSpecificationIdentifier = xcode.lang.simpleColoring; };
		950217351AD16FB000907A24 /* ro */ = {isa = PBXFileReference; fileEncoding = 10; lastKnownFileType = text.plist.strings; lineEnding = 0; name = ro; path = Resources/ro.lproj/Localizable.strings; sourceTree = "<group>"; };
		950217391AD16FE500907A24 /* ro */ = {isa = PBXFileReference; lastKnownFileType = text.plist.strings; lineEnding = 0; name = ro; path = Resources/ro.lproj/Main.strings; sourceTree = "<group>"; xcLanguageSpecificationIdentifier = xcode.lang.simpleColoring; };
		950ED26B1976AA6400BAC239 /* LanguageSetting.swift */ = {isa = PBXFileReference; fileEncoding = 4; lastKnownFileType = sourcecode.swift; name = LanguageSetting.swift; path = Sources/LanguageSetting.swift; sourceTree = "<group>"; };
		950ED26D1976AA6D00BAC239 /* BlacklistEntry.swift */ = {isa = PBXFileReference; fileEncoding = 4; lastKnownFileType = sourcecode.swift; name = BlacklistEntry.swift; path = Sources/BlacklistEntry.swift; sourceTree = "<group>"; };
		950ED2701976AA9D00BAC239 /* ArchitectureSetting.swift */ = {isa = PBXFileReference; fileEncoding = 4; lastKnownFileType = sourcecode.swift; name = ArchitectureSetting.swift; path = Sources/ArchitectureSetting.swift; sourceTree = "<group>"; };
		950ED2721976AAB600BAC239 /* Root.swift */ = {isa = PBXFileReference; fileEncoding = 4; lastKnownFileType = sourcecode.swift; name = Root.swift; path = Sources/Root.swift; sourceTree = "<group>"; };
		95337A201B09EAC600303823 /* Sparkle.framework */ = {isa = PBXFileReference; lastKnownFileType = wrapper.framework; path = Sparkle.framework; sourceTree = "<group>"; };
		95355AD21AD7F31200872850 /* main.swift */ = {isa = PBXFileReference; fileEncoding = 4; lastKnownFileType = sourcecode.swift; name = main.swift; path = Helper/Sources/main.swift; sourceTree = "<group>"; };
		95355AD41AD7F50200872850 /* HelperProtocol.swift */ = {isa = PBXFileReference; fileEncoding = 4; lastKnownFileType = sourcecode.swift; name = HelperProtocol.swift; path = Helper/Sources/HelperProtocol.swift; sourceTree = "<group>"; };
		95355AD81AD7F5C500872850 /* HelperRequest.swift */ = {isa = PBXFileReference; fileEncoding = 4; lastKnownFileType = sourcecode.swift; name = HelperRequest.swift; path = Helper/Sources/HelperRequest.swift; sourceTree = "<group>"; };
		95355ADD1AD7FAF900872850 /* HelperContext.swift */ = {isa = PBXFileReference; fileEncoding = 4; lastKnownFileType = sourcecode.swift; name = HelperContext.swift; path = Helper/Sources/HelperContext.swift; sourceTree = "<group>"; };
		95355ADF1AD806DD00872850 /* Helper.swift */ = {isa = PBXFileReference; fileEncoding = 4; lastKnownFileType = sourcecode.swift; lineEnding = 0; name = Helper.swift; path = Helper/Sources/Helper.swift; sourceTree = "<group>"; xcLanguageSpecificationIdentifier = xcode.lang.swift; };
		9539D83711453596007E698C /* blacklist.plist */ = {isa = PBXFileReference; lastKnownFileType = file.bplist; path = blacklist.plist; sourceTree = "<group>"; };
		954DDFFF1AD4ED350097145C /* ko */ = {isa = PBXFileReference; lastKnownFileType = text.html; name = ko; path = Resources/ko.lproj/Credits.html; sourceTree = "<group>"; };
		954DE0001AD4ED4F0097145C /* ko */ = {isa = PBXFileReference; fileEncoding = 10; lastKnownFileType = text.plist.strings; lineEnding = 0; name = ko; path = Resources/ko.lproj/InfoPlist.strings; sourceTree = "<group>"; xcLanguageSpecificationIdentifier = xcode.lang.simpleColoring; };
		954DE0011AD4EDB60097145C /* ko */ = {isa = PBXFileReference; fileEncoding = 10; lastKnownFileType = text.plist.strings; lineEnding = 0; name = ko; path = Resources/ko.lproj/Localizable.strings; sourceTree = "<group>"; };
		954DE0051AD4EE8C0097145C /* ko */ = {isa = PBXFileReference; lastKnownFileType = text.plist.strings; name = ko; path = Resources/ko.lproj/Main.strings; sourceTree = "<group>"; };
		9552639C1AE67351001AD4F3 /* Helper Tests.xctest */ = {isa = PBXFileReference; explicitFileType = wrapper.cfbundle; includeInIndex = 0; path = "Helper Tests.xctest"; sourceTree = BUILT_PRODUCTS_DIR; };
		9552639F1AE67351001AD4F3 /* Info.plist */ = {isa = PBXFileReference; lastKnownFileType = text.plist.xml; path = Info.plist; sourceTree = "<group>"; };
		955263A01AE67351001AD4F3 /* Helper_Tests.swift */ = {isa = PBXFileReference; lastKnownFileType = sourcecode.swift; path = Helper_Tests.swift; sourceTree = "<group>"; };
		95527CE219741A540092C744 /* AppDelegate.swift */ = {isa = PBXFileReference; fileEncoding = 4; lastKnownFileType = sourcecode.swift; name = AppDelegate.swift; path = Sources/AppDelegate.swift; sourceTree = "<group>"; };
		95527CE419741A930092C744 /* Log.swift */ = {isa = PBXFileReference; fileEncoding = 4; lastKnownFileType = sourcecode.swift; lineEnding = 0; name = Log.swift; path = Sources/Log.swift; sourceTree = "<group>"; xcLanguageSpecificationIdentifier = xcode.lang.swift; };
		9558F7940615953D00F6DE23 /* German */ = {isa = PBXFileReference; lastKnownFileType = text.html; name = German; path = Resources/de.lproj/Credits.html; sourceTree = "<group>"; };
		9558F813061598BA00F6DE23 /* Lies-mich.rtfd */ = {isa = PBXFileReference; lastKnownFileType = wrapper.rtfd; name = "Lies-mich.rtfd"; path = "Resources/Lies-mich.rtfd"; sourceTree = "<group>"; };
		9558F814061598BA00F6DE23 /* README.rtfd */ = {isa = PBXFileReference; lastKnownFileType = wrapper.rtfd; name = README.rtfd; path = Resources/README.rtfd; sourceTree = "<group>"; };
		955CE2941B20D8D800F64646 /* CommandLine.swift */ = {isa = PBXFileReference; fileEncoding = 4; lastKnownFileType = sourcecode.swift; name = CommandLine.swift; path = Externals/CommandLine/CommandLineKit/CommandLine.swift; sourceTree = "<group>"; };
		955CE2951B20D8D800F64646 /* Option.swift */ = {isa = PBXFileReference; fileEncoding = 4; lastKnownFileType = sourcecode.swift; name = Option.swift; path = Externals/CommandLine/CommandLineKit/Option.swift; sourceTree = "<group>"; };
		955CE2961B20D8D800F64646 /* StringExtensions.swift */ = {isa = PBXFileReference; fileEncoding = 4; lastKnownFileType = sourcecode.swift; name = StringExtensions.swift; path = Externals/CommandLine/CommandLineKit/StringExtensions.swift; sourceTree = "<group>"; };
		9572AB161977E8E5002E4AF4 /* Setting.swift */ = {isa = PBXFileReference; fileEncoding = 4; lastKnownFileType = sourcecode.swift; name = Setting.swift; path = Sources/Setting.swift; sourceTree = "<group>"; };
		95773339197939B70008E1A4 /* el */ = {isa = PBXFileReference; fileEncoding = 10; lastKnownFileType = text.plist.strings; lineEnding = 0; name = el; path = Resources/el.lproj/InfoPlist.strings; sourceTree = "<group>"; xcLanguageSpecificationIdentifier = xcode.lang.simpleColoring; };
		95833CDF06ED8C2D00238761 /* Italian */ = {isa = PBXFileReference; fileEncoding = 10; lastKnownFileType = text.plist.strings; lineEnding = 0; name = Italian; path = Resources/it.lproj/InfoPlist.strings; sourceTree = "<group>"; xcLanguageSpecificationIdentifier = xcode.lang.simpleColoring; };
		95852A7D1119CD8F00B54346 /* Spanish */ = {isa = PBXFileReference; fileEncoding = 10; lastKnownFileType = text.plist.strings; lineEnding = 0; name = Spanish; path = Resources/es.lproj/Localizable.strings; sourceTree = "<group>"; };
		95852A7F1119CDA400B54346 /* Spanish */ = {isa = PBXFileReference; lastKnownFileType = text.html; name = Spanish; path = Resources/es.lproj/Credits.html; sourceTree = "<group>"; };
		95852A801119CDA400B54346 /* Spanish */ = {isa = PBXFileReference; fileEncoding = 10; lastKnownFileType = text.plist.strings; lineEnding = 0; name = Spanish; path = Resources/es.lproj/InfoPlist.strings; sourceTree = "<group>"; xcLanguageSpecificationIdentifier = xcode.lang.simpleColoring; };
		9589976715CAB932008A2593 /* MonolingualHelper-launchd.plist */ = {isa = PBXFileReference; fileEncoding = 4; lastKnownFileType = text.plist.xml; name = "MonolingualHelper-launchd.plist"; path = "Helper/Sources/MonolingualHelper-launchd.plist"; sourceTree = "<group>"; };
		9589976D15CABA80008A2593 /* MonolingualHelper-Info.plist */ = {isa = PBXFileReference; fileEncoding = 4; lastKnownFileType = text.plist.xml; name = "MonolingualHelper-Info.plist"; path = "Helper/Sources/MonolingualHelper-Info.plist"; sourceTree = "<group>"; };
		95955DF81A041F1100165C3E /* hr */ = {isa = PBXFileReference; lastKnownFileType = text.html; name = hr; path = Resources/hr.lproj/Credits.html; sourceTree = "<group>"; };
		95955DF91A041F1100165C3E /* hr */ = {isa = PBXFileReference; fileEncoding = 10; lastKnownFileType = text.plist.strings; lineEnding = 0; name = hr; path = Resources/hr.lproj/InfoPlist.strings; sourceTree = "<group>"; xcLanguageSpecificationIdentifier = xcode.lang.simpleColoring; };
		95955DFA1A041F1100165C3E /* hr */ = {isa = PBXFileReference; fileEncoding = 10; lastKnownFileType = text.plist.strings; lineEnding = 0; name = hr; path = Resources/hr.lproj/Localizable.strings; sourceTree = "<group>"; };
		95955DFE1A041F3300165C3E /* hr */ = {isa = PBXFileReference; lastKnownFileType = text.plist.strings; lineEnding = 0; name = hr; path = Resources/hr.lproj/Main.strings; sourceTree = "<group>"; xcLanguageSpecificationIdentifier = xcode.lang.simpleColoring; };
		959CEEAA197140FC00A433C0 /* MonolingualHelperClient.swift */ = {isa = PBXFileReference; fileEncoding = 4; lastKnownFileType = sourcecode.swift; lineEnding = 0; path = MonolingualHelperClient.swift; sourceTree = "<group>"; xcLanguageSpecificationIdentifier = xcode.lang.swift; };
		959CEED919714E0500A433C0 /* ISTableView.swift */ = {isa = PBXFileReference; fileEncoding = 4; lastKnownFileType = sourcecode.swift; lineEnding = 0; name = ISTableView.swift; path = Sources/ISTableView.swift; sourceTree = "<group>"; xcLanguageSpecificationIdentifier = xcode.lang.swift; };
		959CEEDB19714E0500A433C0 /* PreferencesViewController.swift */ = {isa = PBXFileReference; fileEncoding = 4; lastKnownFileType = sourcecode.swift; lineEnding = 0; name = PreferencesViewController.swift; path = Sources/PreferencesViewController.swift; sourceTree = "<group>"; xcLanguageSpecificationIdentifier = xcode.lang.swift; };
		959CEEDC19714E0500A433C0 /* ProgressViewController.swift */ = {isa = PBXFileReference; fileEncoding = 4; lastKnownFileType = sourcecode.swift; lineEnding = 0; name = ProgressViewController.swift; path = Sources/ProgressViewController.swift; sourceTree = "<group>"; xcLanguageSpecificationIdentifier = xcode.lang.swift; };
		959CEEE11972F29B00A433C0 /* MainViewController.swift */ = {isa = PBXFileReference; fileEncoding = 4; lastKnownFileType = sourcecode.swift; lineEnding = 0; name = MainViewController.swift; path = Sources/MainViewController.swift; sourceTree = "<group>"; xcLanguageSpecificationIdentifier = xcode.lang.swift; };
		95A130420608F92F00D8E30C /* Info.plist */ = {isa = PBXFileReference; fileEncoding = 4; lastKnownFileType = text.plist.xml; path = Info.plist; sourceTree = "<group>"; };
		95A130430608F93000D8E30C /* Monolingual.app */ = {isa = PBXFileReference; explicitFileType = wrapper.application; includeInIndex = 0; path = Monolingual.app; sourceTree = BUILT_PRODUCTS_DIR; };
		95A74F39197410EF005D3792 /* Base */ = {isa = PBXFileReference; lastKnownFileType = file.storyboard; name = Base; path = Resources/Base.lproj/Main.storyboard; sourceTree = "<group>"; };
		95A75A8118FC6C8100BD2E36 /* el */ = {isa = PBXFileReference; lastKnownFileType = text.html; name = el; path = Resources/el.lproj/Credits.html; sourceTree = "<group>"; };
		95A75A8318FC6C9300BD2E36 /* el */ = {isa = PBXFileReference; fileEncoding = 10; lastKnownFileType = text.plist.strings; lineEnding = 0; name = el; path = Resources/el.lproj/Localizable.strings; sourceTree = "<group>"; };
		95B70C491AD2715500801026 /* LICENSE.txt */ = {isa = PBXFileReference; fileEncoding = 4; lastKnownFileType = text; path = LICENSE.txt; sourceTree = "<group>"; };
		95B9D1801769CF3A0072A7E0 /* Media.xcassets */ = {isa = PBXFileReference; lastKnownFileType = folder.assetcatalog; name = Media.xcassets; path = Monolingual/Media.xcassets; sourceTree = "<group>"; };
		95C3C9600610144300D417BC /* com.github.IngmarStein.Monolingual.Helper */ = {isa = PBXFileReference; explicitFileType = "compiled.mach-o.executable"; includeInIndex = 0; path = com.github.IngmarStein.Monolingual.Helper; sourceTree = BUILT_PRODUCTS_DIR; };
		95CA05351B93680E000ABDCE /* hello1 */ = {isa = PBXFileReference; lastKnownFileType = "compiled.mach-o.executable"; name = hello1; path = util/hello1; sourceTree = SOURCE_ROOT; };
		95CA05361B93680E000ABDCE /* hello2 */ = {isa = PBXFileReference; lastKnownFileType = "compiled.mach-o.executable"; name = hello2; path = util/hello2; sourceTree = SOURCE_ROOT; };
		95CA05371B93680E000ABDCE /* hello3 */ = {isa = PBXFileReference; lastKnownFileType = "compiled.mach-o.executable"; name = hello3; path = util/hello3; sourceTree = SOURCE_ROOT; };
		95CB1AFE06E8DDDD00293B60 /* Italian */ = {isa = PBXFileReference; fileEncoding = 10; lastKnownFileType = text.plist.strings; lineEnding = 0; name = Italian; path = Resources/it.lproj/Localizable.strings; sourceTree = "<group>"; };
		95CEEA4D1ACD94210043CEDC /* LEESMIJ.rtfd */ = {isa = PBXFileReference; lastKnownFileType = wrapper.rtfd; name = LEESMIJ.rtfd; path = Resources/LEESMIJ.rtfd; sourceTree = "<group>"; };
		95D7A921098D48B700DCE08D /* Leggimi.rtfd */ = {isa = PBXFileReference; lastKnownFileType = wrapper.rtfd; name = Leggimi.rtfd; path = Resources/Leggimi.rtfd; sourceTree = "<group>"; };
		95E236DA1AD526DF00076008 /* Monolingual.xpc */ = {isa = PBXFileReference; explicitFileType = "wrapper.xpc-service"; includeInIndex = 0; path = Monolingual.xpc; sourceTree = BUILT_PRODUCTS_DIR; };
		95E236DD1AD526DF00076008 /* Info.plist */ = {isa = PBXFileReference; lastKnownFileType = text.plist.xml; path = Info.plist; sourceTree = "<group>"; };
		95E236EC1AD526F700076008 /* XPCServiceProtocol.swift */ = {isa = PBXFileReference; fileEncoding = 4; lastKnownFileType = sourcecode.swift; path = XPCServiceProtocol.swift; sourceTree = "<group>"; };
		95E236EF1AD52C0E00076008 /* XPCService.swift */ = {isa = PBXFileReference; fileEncoding = 4; lastKnownFileType = sourcecode.swift; lineEnding = 0; path = XPCService.swift; sourceTree = "<group>"; xcLanguageSpecificationIdentifier = xcode.lang.swift; };
		95E236F11AD52C7100076008 /* main.swift */ = {isa = PBXFileReference; fileEncoding = 4; lastKnownFileType = sourcecode.swift; path = main.swift; sourceTree = "<group>"; };
		95E8634115D81004004EF9ED /* Monolingual.entitlements */ = {isa = PBXFileReference; lastKnownFileType = text.xml; path = Monolingual.entitlements; sourceTree = "<group>"; };
		95EB7AA51AE6E52B0066369B /* lipo.swift */ = {isa = PBXFileReference; fileEncoding = 4; lastKnownFileType = sourcecode.swift; name = lipo.swift; path = lipo/lipo.swift; sourceTree = SOURCE_ROOT; };
		95EB7AAC1AE777F90066369B /* lipo */ = {isa = PBXFileReference; explicitFileType = "compiled.mach-o.executable"; includeInIndex = 0; path = lipo; sourceTree = BUILT_PRODUCTS_DIR; };
		95EB7AAE1AE777F90066369B /* main.swift */ = {isa = PBXFileReference; lastKnownFileType = sourcecode.swift; path = main.swift; sourceTree = "<group>"; };
		95EBC3A11BD989F00022BA4A /* ru */ = {isa = PBXFileReference; fileEncoding = 10; lastKnownFileType = text.plist.strings; lineEnding = 0; name = ru; path = Resources/ru.lproj/InfoPlist.strings; sourceTree = "<group>"; xcLanguageSpecificationIdentifier = xcode.lang.simpleColoring; };
		95EBC3A21BD98A460022BA4A /* ru */ = {isa = PBXFileReference; fileEncoding = 10; lastKnownFileType = text.plist.strings; lineEnding = 0; name = ru; path = Resources/ru.lproj/Localizable.strings; sourceTree = "<group>"; };
		95EBC3A61BD98A720022BA4A /* ru */ = {isa = PBXFileReference; lastKnownFileType = text.plist.strings; name = ru; path = Resources/ru.lproj/Main.strings; sourceTree = "<group>"; };
		95EDCC84062C3B83007229A3 /* French */ = {isa = PBXFileReference; fileEncoding = 10; lastKnownFileType = text.plist.strings; lineEnding = 0; name = French; path = Resources/fr.lproj/Localizable.strings; sourceTree = "<group>"; xcLanguageSpecificationIdentifier = xcode.lang.simpleColoring; };
		95EDCC87062C4264007229A3 /* LisezMoi.rtfd */ = {isa = PBXFileReference; lastKnownFileType = wrapper.rtfd; name = LisezMoi.rtfd; path = Resources/LisezMoi.rtfd; sourceTree = "<group>"; };
		95EDCC8B062C4393007229A3 /* French */ = {isa = PBXFileReference; fileEncoding = 10; lastKnownFileType = text.plist.strings; lineEnding = 0; name = French; path = Resources/fr.lproj/InfoPlist.strings; sourceTree = "<group>"; xcLanguageSpecificationIdentifier = xcode.lang.simpleColoring; };
		95F508FD098CC8DF009FD7EC /* English */ = {isa = PBXFileReference; lastKnownFileType = text.html; name = English; path = Resources/en.lproj/Credits.html; sourceTree = "<group>"; };
		95F7771C0ECC2644009C621B /* dsa_pub.pem */ = {isa = PBXFileReference; fileEncoding = 4; lastKnownFileType = text; path = dsa_pub.pem; sourceTree = "<group>"; };
		95FAA327197507E400C506EE /* de */ = {isa = PBXFileReference; lastKnownFileType = text.plist.strings; lineEnding = 0; name = de; path = Resources/de.lproj/Main.strings; sourceTree = "<group>"; xcLanguageSpecificationIdentifier = xcode.lang.simpleColoring; };
		95FAA329197507F500C506EE /* fr */ = {isa = PBXFileReference; lastKnownFileType = text.plist.strings; lineEnding = 0; name = fr; path = Resources/fr.lproj/Main.strings; sourceTree = "<group>"; xcLanguageSpecificationIdentifier = xcode.lang.simpleColoring; };
		95FAA32B19752A5300C506EE /* sv */ = {isa = PBXFileReference; lastKnownFileType = text.plist.strings; lineEnding = 0; name = sv; path = Resources/sv.lproj/Main.strings; sourceTree = "<group>"; xcLanguageSpecificationIdentifier = xcode.lang.simpleColoring; };
		95FAA32D19752A5D00C506EE /* pl */ = {isa = PBXFileReference; lastKnownFileType = text.plist.strings; lineEnding = 0; name = pl; path = Resources/pl.lproj/Main.strings; sourceTree = "<group>"; xcLanguageSpecificationIdentifier = xcode.lang.simpleColoring; };
		95FAA32F19752A6300C506EE /* it */ = {isa = PBXFileReference; lastKnownFileType = text.plist.strings; lineEnding = 0; name = it; path = Resources/it.lproj/Main.strings; sourceTree = "<group>"; xcLanguageSpecificationIdentifier = xcode.lang.simpleColoring; };
		95FAA33119752A6700C506EE /* es */ = {isa = PBXFileReference; lastKnownFileType = text.plist.strings; lineEnding = 0; name = es; path = Resources/es.lproj/Main.strings; sourceTree = "<group>"; xcLanguageSpecificationIdentifier = xcode.lang.simpleColoring; };
		95FAA33319752A6B00C506EE /* el */ = {isa = PBXFileReference; lastKnownFileType = text.plist.strings; lineEnding = 0; name = el; path = Resources/el.lproj/Main.strings; sourceTree = "<group>"; xcLanguageSpecificationIdentifier = xcode.lang.simpleColoring; };
		95FAA33519752A7200C506EE /* ja */ = {isa = PBXFileReference; lastKnownFileType = text.plist.strings; lineEnding = 0; name = ja; path = Resources/ja.lproj/Main.strings; sourceTree = "<group>"; xcLanguageSpecificationIdentifier = xcode.lang.simpleColoring; };
		95FAA33719752AA900C506EE /* en */ = {isa = PBXFileReference; lastKnownFileType = text.plist.strings; lineEnding = 0; name = en; path = Resources/en.lproj/Main.strings; sourceTree = "<group>"; xcLanguageSpecificationIdentifier = xcode.lang.simpleColoring; };
		99F35F9584E0B853627BE591 /* Pods-XPCService.debug.xcconfig */ = {isa = PBXFileReference; includeInIndex = 1; lastKnownFileType = text.xcconfig; name = "Pods-XPCService.debug.xcconfig"; path = "Pods/Target Support Files/Pods-XPCService/Pods-XPCService.debug.xcconfig"; sourceTree = "<group>"; };
		9F63A03F3AF9E47EB48A4F2D /* Pods_Monolingual.framework */ = {isa = PBXFileReference; explicitFileType = wrapper.framework; includeInIndex = 0; path = Pods_Monolingual.framework; sourceTree = BUILT_PRODUCTS_DIR; };
		F505F4EC0300C29D01E3DC1E /* German */ = {isa = PBXFileReference; fileEncoding = 10; lastKnownFileType = text.plist.strings; lineEnding = 0; name = German; path = Resources/de.lproj/InfoPlist.strings; sourceTree = "<group>"; xcLanguageSpecificationIdentifier = xcode.lang.simpleColoring; };
		F505F4ED0300C2B001E3DC1E /* German */ = {isa = PBXFileReference; fileEncoding = 10; lastKnownFileType = text.plist.strings; lineEnding = 0; name = German; path = Resources/de.lproj/Localizable.strings; sourceTree = "<group>"; xcLanguageSpecificationIdentifier = xcode.lang.simpleColoring; };
		F51C1B3501F29B1C0120C6FA /* English */ = {isa = PBXFileReference; fileEncoding = 10; lastKnownFileType = text.plist.strings; lineEnding = 0; name = English; path = Resources/en.lproj/Localizable.strings; sourceTree = "<group>"; xcLanguageSpecificationIdentifier = xcode.lang.simpleColoring; };
		F51C1B3701F2ACAC0120C6FA /* Japanese */ = {isa = PBXFileReference; fileEncoding = 10; lastKnownFileType = text.plist.strings; lineEnding = 0; name = Japanese; path = Resources/ja.lproj/Localizable.strings; sourceTree = "<group>"; xcLanguageSpecificationIdentifier = xcode.lang.simpleColoring; };
		F5230A69028CE07101D970AB /* Swedish */ = {isa = PBXFileReference; fileEncoding = 10; lastKnownFileType = text.plist.strings; lineEnding = 0; name = Swedish; path = Resources/sv.lproj/Localizable.strings; sourceTree = "<group>"; };
		F5230A6E028CE07101D970AB /* Swedish */ = {isa = PBXFileReference; fileEncoding = 10; lastKnownFileType = text.plist.strings; lineEnding = 0; name = Swedish; path = Resources/sv.lproj/InfoPlist.strings; sourceTree = "<group>"; xcLanguageSpecificationIdentifier = xcode.lang.simpleColoring; };
		F52C8EEB02C5606B01250A50 /* Polish */ = {isa = PBXFileReference; fileEncoding = 10; lastKnownFileType = text.plist.strings; lineEnding = 0; name = Polish; path = Resources/pl.lproj/InfoPlist.strings; sourceTree = "<group>"; xcLanguageSpecificationIdentifier = xcode.lang.simpleColoring; };
		F52C8EEC02C5606B01250A50 /* Polish */ = {isa = PBXFileReference; fileEncoding = 10; lastKnownFileType = text.plist.strings; lineEnding = 0; name = Polish; path = Resources/pl.lproj/Localizable.strings; sourceTree = "<group>"; xcLanguageSpecificationIdentifier = xcode.lang.simpleColoring; };
		F5DF00D801EC02150120C6FA /* Japanese */ = {isa = PBXFileReference; fileEncoding = 10; lastKnownFileType = text.plist.strings; lineEnding = 0; name = Japanese; path = Resources/ja.lproj/InfoPlist.strings; sourceTree = "<group>"; xcLanguageSpecificationIdentifier = xcode.lang.simpleColoring; };
		F6E6809D1AC22DFE00A5CBD8 /* nl */ = {isa = PBXFileReference; lastKnownFileType = text.plist.strings; lineEnding = 0; name = nl; path = Resources/nl.lproj/Main.strings; sourceTree = "<group>"; xcLanguageSpecificationIdentifier = xcode.lang.simpleColoring; };
		F6E6809E1AC22DFE00A5CBD8 /* nl */ = {isa = PBXFileReference; fileEncoding = 10; lastKnownFileType = text.plist.strings; lineEnding = 0; name = nl; path = Resources/nl.lproj/Localizable.strings; sourceTree = "<group>"; };
		F6E6809F1AC22DFE00A5CBD8 /* nl */ = {isa = PBXFileReference; fileEncoding = 10; lastKnownFileType = text.plist.strings; lineEnding = 0; name = nl; path = Resources/nl.lproj/InfoPlist.strings; sourceTree = "<group>"; xcLanguageSpecificationIdentifier = xcode.lang.simpleColoring; };
		F6E680A01AC22DFF00A5CBD8 /* nl */ = {isa = PBXFileReference; lastKnownFileType = text.html; name = nl; path = Resources/nl.lproj/Credits.html; sourceTree = "<group>"; };
/* End PBXFileReference section */

/* Begin PBXFrameworksBuildPhase section */
		955263991AE67351001AD4F3 /* Frameworks */ = {
			isa = PBXFrameworksBuildPhase;
			buildActionMask = 2147483647;
			files = (
			);
			runOnlyForDeploymentPostprocessing = 0;
		};
		95A1303E0608F92F00D8E30C /* Frameworks */ = {
			isa = PBXFrameworksBuildPhase;
			buildActionMask = 2147483647;
			files = (
				95337A211B09EAC600303823 /* Sparkle.framework in Frameworks */,
				25E57B5203D0CD21F9A42759 /* Pods_Monolingual.framework in Frameworks */,
			);
			runOnlyForDeploymentPostprocessing = 0;
		};
		95C3C95E0610144300D417BC /* Frameworks */ = {
			isa = PBXFrameworksBuildPhase;
			buildActionMask = 2147483647;
			files = (
			);
			runOnlyForDeploymentPostprocessing = 0;
		};
		95E236D71AD526DF00076008 /* Frameworks */ = {
			isa = PBXFrameworksBuildPhase;
			buildActionMask = 2147483647;
			files = (
				44285B293E1FBFA44B315991 /* Pods_XPCService.framework in Frameworks */,
			);
			runOnlyForDeploymentPostprocessing = 0;
		};
		95EB7AA91AE777F90066369B /* Frameworks */ = {
			isa = PBXFrameworksBuildPhase;
			buildActionMask = 2147483647;
			files = (
			);
			runOnlyForDeploymentPostprocessing = 0;
		};
/* End PBXFrameworksBuildPhase section */

/* Begin PBXGroup section */
		080E96DDFE201D6D7F000001 /* Sources */ = {
			isa = PBXGroup;
			children = (
				95527CE219741A540092C744 /* AppDelegate.swift */,
				950ED26F1976AA8900BAC239 /* Model */,
				950ED2741976AC0600BAC239 /* Util */,
				950ED2751976AC1A00BAC239 /* ViewControllers */,
				950ED2761976AC2100BAC239 /* Views */,
			);
			name = Sources;
			sourceTree = "<group>";
		};
		19C28FACFE9D520D11CA2CBB /* Products */ = {
			isa = PBXGroup;
			children = (
				95A130430608F93000D8E30C /* Monolingual.app */,
				95C3C9600610144300D417BC /* com.github.IngmarStein.Monolingual.Helper */,
				95E236DA1AD526DF00076008 /* Monolingual.xpc */,
				9552639C1AE67351001AD4F3 /* Helper Tests.xctest */,
				95EB7AAC1AE777F90066369B /* lipo */,
			);
			name = Products;
			sourceTree = "<group>";
		};
		29B97314FDCFA39411CA2CEA /* Monolingual */ = {
			isa = PBXGroup;
			children = (
				080E96DDFE201D6D7F000001 /* Sources */,
				955CE2901B20D88E00F64646 /* Externals */,
				95EB7AAD1AE777F90066369B /* lipo */,
				29B97323FDCFA39411CA2CEA /* Frameworks */,
				952DDC661AD56D61001BADD1 /* Helper */,
				9552639D1AE67351001AD4F3 /* Helper Tests */,
				19C28FACFE9D520D11CA2CBB /* Products */,
				29B97317FDCFA39411CA2CEA /* Resources */,
				95E236DB1AD526DF00076008 /* XPCService */,
				B39CEEB6DCF93FBD69E89E7E /* Pods */,
			);
			name = Monolingual;
			sourceTree = "<group>";
			usesTabs = 1;
		};
		29B97317FDCFA39411CA2CEA /* Resources */ = {
			isa = PBXGroup;
			children = (
				9539D83711453596007E698C /* blacklist.plist */,
				9558F78F0615953200F6DE23 /* Credits.html */,
				95F7771C0ECC2644009C621B /* dsa_pub.pem */,
				95A130420608F92F00D8E30C /* Info.plist */,
				089C165CFE840E0CC02AAC07 /* InfoPlist.strings */,
				95B70C491AD2715500801026 /* LICENSE.txt */,
				F51C1B3401F29B1C0120C6FA /* Localizable.strings */,
				95A74F38197410EF005D3792 /* Main.storyboard */,
				95B9D1801769CF3A0072A7E0 /* Media.xcassets */,
				95E8634115D81004004EF9ED /* Monolingual.entitlements */,
				95CEEA4F1ACD94320043CEDC /* Readmes */,
			);
			name = Resources;
			sourceTree = "<group>";
		};
		29B97323FDCFA39411CA2CEA /* Frameworks */ = {
			isa = PBXGroup;
			children = (
				95337A201B09EAC600303823 /* Sparkle.framework */,
				9F63A03F3AF9E47EB48A4F2D /* Pods_Monolingual.framework */,
				699B8372FB555B68E76B6D0D /* Pods_XPCService.framework */,
			);
			name = Frameworks;
			sourceTree = "<group>";
		};
		950ED26F1976AA8900BAC239 /* Model */ = {
			isa = PBXGroup;
			children = (
				950ED2701976AA9D00BAC239 /* ArchitectureSetting.swift */,
				950ED26D1976AA6D00BAC239 /* BlacklistEntry.swift */,
				950ED26B1976AA6400BAC239 /* LanguageSetting.swift */,
				950ED2721976AAB600BAC239 /* Root.swift */,
				9572AB161977E8E5002E4AF4 /* Setting.swift */,
			);
			name = Model;
			sourceTree = "<group>";
		};
		950ED2741976AC0600BAC239 /* Util */ = {
			isa = PBXGroup;
			children = (
				95527CE419741A930092C744 /* Log.swift */,
			);
			name = Util;
			sourceTree = "<group>";
		};
		950ED2751976AC1A00BAC239 /* ViewControllers */ = {
			isa = PBXGroup;
			children = (
				959CEEE11972F29B00A433C0 /* MainViewController.swift */,
				959CEEDB19714E0500A433C0 /* PreferencesViewController.swift */,
				959CEEDC19714E0500A433C0 /* ProgressViewController.swift */,
			);
			name = ViewControllers;
			sourceTree = "<group>";
		};
		950ED2761976AC2100BAC239 /* Views */ = {
			isa = PBXGroup;
			children = (
				959CEED919714E0500A433C0 /* ISTableView.swift */,
			);
			name = Views;
			sourceTree = "<group>";
		};
		952DDC661AD56D61001BADD1 /* Helper */ = {
			isa = PBXGroup;
			children = (
				95355ADF1AD806DD00872850 /* Helper.swift */,
				95355ADD1AD7FAF900872850 /* HelperContext.swift */,
				95355AD41AD7F50200872850 /* HelperProtocol.swift */,
				95355AD81AD7F5C500872850 /* HelperRequest.swift */,
				95355AD21AD7F31200872850 /* main.swift */,
				9589976D15CABA80008A2593 /* MonolingualHelper-Info.plist */,
				9589976715CAB932008A2593 /* MonolingualHelper-launchd.plist */,
			);
			name = Helper;
			sourceTree = "<group>";
		};
		9552639D1AE67351001AD4F3 /* Helper Tests */ = {
			isa = PBXGroup;
			children = (
				955263A01AE67351001AD4F3 /* Helper_Tests.swift */,
				9552639E1AE67351001AD4F3 /* Supporting Files */,
			);
			name = "Helper Tests";
			path = Helper/Tests;
			sourceTree = "<group>";
		};
		9552639E1AE67351001AD4F3 /* Supporting Files */ = {
			isa = PBXGroup;
			children = (
				95CA053B1B936817000ABDCE /* Test Data */,
				9552639F1AE67351001AD4F3 /* Info.plist */,
			);
			name = "Supporting Files";
			sourceTree = "<group>";
		};
		955CE2901B20D88E00F64646 /* Externals */ = {
			isa = PBXGroup;
			children = (
				955CE29A1B20D8DC00F64646 /* CommandLine */,
			);
			name = Externals;
			sourceTree = "<group>";
		};
		955CE29A1B20D8DC00F64646 /* CommandLine */ = {
			isa = PBXGroup;
			children = (
				955CE2941B20D8D800F64646 /* CommandLine.swift */,
				955CE2951B20D8D800F64646 /* Option.swift */,
				955CE2961B20D8D800F64646 /* StringExtensions.swift */,
			);
			name = CommandLine;
			sourceTree = "<group>";
		};
		95CA053B1B936817000ABDCE /* Test Data */ = {
			isa = PBXGroup;
			children = (
				95CA05351B93680E000ABDCE /* hello1 */,
				95CA05361B93680E000ABDCE /* hello2 */,
				95CA05371B93680E000ABDCE /* hello3 */,
			);
			name = "Test Data";
			sourceTree = "<group>";
		};
		95CEEA4F1ACD94320043CEDC /* Readmes */ = {
			isa = PBXGroup;
			children = (
				95CEEA4D1ACD94210043CEDC /* LEESMIJ.rtfd */,
				95D7A921098D48B700DCE08D /* Leggimi.rtfd */,
				9558F813061598BA00F6DE23 /* Lies-mich.rtfd */,
				95EDCC87062C4264007229A3 /* LisezMoi.rtfd */,
				9558F814061598BA00F6DE23 /* README.rtfd */,
			);
			name = Readmes;
			sourceTree = "<group>";
		};
		95E236DB1AD526DF00076008 /* XPCService */ = {
			isa = PBXGroup;
			children = (
				95E236F11AD52C7100076008 /* main.swift */,
				959CEEAA197140FC00A433C0 /* MonolingualHelperClient.swift */,
				95E236DC1AD526DF00076008 /* Supporting Files */,
				95E236EF1AD52C0E00076008 /* XPCService.swift */,
				95E236EC1AD526F700076008 /* XPCServiceProtocol.swift */,
			);
			path = XPCService;
			sourceTree = "<group>";
		};
		95E236DC1AD526DF00076008 /* Supporting Files */ = {
			isa = PBXGroup;
			children = (
				95E236DD1AD526DF00076008 /* Info.plist */,
			);
			name = "Supporting Files";
			sourceTree = "<group>";
		};
		95EB7AAD1AE777F90066369B /* lipo */ = {
			isa = PBXGroup;
			children = (
				95EB7AA51AE6E52B0066369B /* lipo.swift */,
				95EB7AAE1AE777F90066369B /* main.swift */,
			);
			path = lipo;
			sourceTree = "<group>";
		};
		B39CEEB6DCF93FBD69E89E7E /* Pods */ = {
			isa = PBXGroup;
			children = (
				3579871AA54059DABA10CC7E /* Pods-Monolingual.debug.xcconfig */,
				271E7D7E5ACCB0766DF3580A /* Pods-Monolingual.release.xcconfig */,
				99F35F9584E0B853627BE591 /* Pods-XPCService.debug.xcconfig */,
				832AA36A7030E9574F2C948A /* Pods-XPCService.release.xcconfig */,
			);
			name = Pods;
			sourceTree = "<group>";
		};
/* End PBXGroup section */

/* Begin PBXNativeTarget section */
		9552639B1AE67351001AD4F3 /* Helper Tests */ = {
			isa = PBXNativeTarget;
			buildConfigurationList = 955263A41AE67351001AD4F3 /* Build configuration list for PBXNativeTarget "Helper Tests" */;
			buildPhases = (
				955263981AE67351001AD4F3 /* Sources */,
				955263991AE67351001AD4F3 /* Frameworks */,
				9552639A1AE67351001AD4F3 /* Resources */,
			);
			buildRules = (
			);
			dependencies = (
			);
			name = "Helper Tests";
			productName = "Helper Tests";
			productReference = 9552639C1AE67351001AD4F3 /* Helper Tests.xctest */;
			productType = "com.apple.product-type.bundle.unit-test";
		};
		95A130250608F92F00D8E30C /* Monolingual */ = {
			isa = PBXNativeTarget;
			buildConfigurationList = 95AAF5640856C2DC007CEE36 /* Build configuration list for PBXNativeTarget "Monolingual" */;
			buildPhases = (
				4B6992436AF109B55DF552C7 /* [CP] Check Pods Manifest.lock */,
				95A1302C0608F92F00D8E30C /* Resources */,
				95A130370608F92F00D8E30C /* Sources */,
				95A1303E0608F92F00D8E30C /* Frameworks */,
				95337A221B09EB4200303823 /* Copy Frameworks */,
				95A501FC113F8933008EE4DB /* Strip Embedded Frameworks */,
				95B9D1821769D1E80072A7E0 /* Codesign Embedded Frameworks */,
				95E236EA1AD526DF00076008 /* Embed XPC Services */,
				950183451AF4FC26007F74C3 /* Fabric */,
				8081F625CF6A0B5E1DA7C2BF /* [CP] Embed Pods Frameworks */,
				4A2909F1281673578E8D708C /* [CP] Copy Pods Resources */,
			);
			buildRules = (
			);
			dependencies = (
				95E236E51AD526DF00076008 /* PBXTargetDependency */,
			);
			name = Monolingual;
			productName = Monolingual;
			productReference = 95A130430608F93000D8E30C /* Monolingual.app */;
			productType = "com.apple.product-type.application";
		};
		95C3C95F0610144300D417BC /* Helper */ = {
			isa = PBXNativeTarget;
			buildConfigurationList = 95AAF5600856C2DC007CEE36 /* Build configuration list for PBXNativeTarget "Helper" */;
			buildPhases = (
				95C3C95D0610144300D417BC /* Sources */,
				95C3C95E0610144300D417BC /* Frameworks */,
			);
			buildRules = (
			);
			dependencies = (
			);
			name = Helper;
			productName = Helper;
			productReference = 95C3C9600610144300D417BC /* com.github.IngmarStein.Monolingual.Helper */;
			productType = "com.apple.product-type.tool";
		};
		95E236D91AD526DF00076008 /* XPCService */ = {
			isa = PBXNativeTarget;
			buildConfigurationList = 95E236E91AD526DF00076008 /* Build configuration list for PBXNativeTarget "XPCService" */;
			buildPhases = (
				2FB13E69095670B83A3B069B /* [CP] Check Pods Manifest.lock */,
				95E236D61AD526DF00076008 /* Sources */,
				95E236D71AD526DF00076008 /* Frameworks */,
				95E236D81AD526DF00076008 /* Resources */,
				95E236F51AD5331300076008 /* CopyFiles */,
				9510C84D1CA85A5B0050C330 /* 📦 Embed Pods Frameworks */,
				C85E63067E59241F3FA0F225 /* [CP] Copy Pods Resources */,
			);
			buildRules = (
			);
			dependencies = (
				95E236F41AD532E400076008 /* PBXTargetDependency */,
			);
			name = XPCService;
			productName = XPCService;
			productReference = 95E236DA1AD526DF00076008 /* Monolingual.xpc */;
			productType = "com.apple.product-type.xpc-service";
		};
		95EB7AAB1AE777F90066369B /* lipo */ = {
			isa = PBXNativeTarget;
			buildConfigurationList = 95EB7AB01AE777F90066369B /* Build configuration list for PBXNativeTarget "lipo" */;
			buildPhases = (
				95EB7AA81AE777F90066369B /* Sources */,
				95EB7AA91AE777F90066369B /* Frameworks */,
				95EB7AAA1AE777F90066369B /* CopyFiles */,
			);
			buildRules = (
			);
			dependencies = (
			);
			name = lipo;
			productName = lipo;
			productReference = 95EB7AAC1AE777F90066369B /* lipo */;
			productType = "com.apple.product-type.tool";
		};
/* End PBXNativeTarget section */

/* Begin PBXProject section */
		29B97313FDCFA39411CA2CEA /* Project object */ = {
			isa = PBXProject;
			attributes = {
				BuildIndependentTargetsInParallel = YES;
				LastSwiftUpdateCheck = 0700;
				LastUpgradeCheck = 0800;
				ORGANIZATIONNAME = "Ingmar Stein";
				TargetAttributes = {
					9552639B1AE67351001AD4F3 = {
						CreatedOnToolsVersion = 6.3;
						LastSwiftMigration = 0800;
					};
					95A130250608F92F00D8E30C = {
						DevelopmentTeam = ADVP2P7SJK;
						LastSwiftMigration = 0800;
					};
					95C3C95F0610144300D417BC = {
						LastSwiftMigration = 0800;
					};
					95E236D91AD526DF00076008 = {
						CreatedOnToolsVersion = 6.3;
						DevelopmentTeam = 4N2G277B4M;
						LastSwiftMigration = 0800;
					};
					95EB7AAB1AE777F90066369B = {
						CreatedOnToolsVersion = 6.3.1;
						DevelopmentTeam = ADVP2P7SJK;
						ProvisioningStyle = Automatic;
					};
				};
			};
			buildConfigurationList = 95AAF5680856C2DC007CEE36 /* Build configuration list for PBXProject "Monolingual" */;
			compatibilityVersion = "Xcode 6.3";
			developmentRegion = English;
			hasScannedForEncodings = 1;
			knownRegions = (
				en,
				el,
				Base,
				de,
				fr,
				sv,
				pl,
				it,
				es,
				ja,
				hr,
				nl,
				ro,
				ko,
				ru,
			);
			mainGroup = 29B97314FDCFA39411CA2CEA /* Monolingual */;
			productRefGroup = 19C28FACFE9D520D11CA2CBB /* Products */;
			projectDirPath = "";
			projectRoot = "";
			targets = (
				95A130250608F92F00D8E30C /* Monolingual */,
				95C3C95F0610144300D417BC /* Helper */,
				95E236D91AD526DF00076008 /* XPCService */,
				9552639B1AE67351001AD4F3 /* Helper Tests */,
				95EB7AAB1AE777F90066369B /* lipo */,
			);
		};
/* End PBXProject section */

/* Begin PBXResourcesBuildPhase section */
		9552639A1AE67351001AD4F3 /* Resources */ = {
			isa = PBXResourcesBuildPhase;
			buildActionMask = 2147483647;
			files = (
				95CA053A1B93680E000ABDCE /* hello3 in Resources */,
				95CA05391B93680E000ABDCE /* hello2 in Resources */,
				95CA05381B93680E000ABDCE /* hello1 in Resources */,
			);
			runOnlyForDeploymentPostprocessing = 0;
		};
		95A1302C0608F92F00D8E30C /* Resources */ = {
			isa = PBXResourcesBuildPhase;
			buildActionMask = 2147483647;
			files = (
				9558F815061598BA00F6DE23 /* Lies-mich.rtfd in Resources */,
				95B9D1811769CF3A0072A7E0 /* Media.xcassets in Resources */,
				95B70C4A1AD2715600801026 /* LICENSE.txt in Resources */,
				9558F816061598BA00F6DE23 /* README.rtfd in Resources */,
				95A1302E0608F92F00D8E30C /* InfoPlist.strings in Resources */,
				95A130360608F92F00D8E30C /* Localizable.strings in Resources */,
				95CEEA4E1ACD94210043CEDC /* LEESMIJ.rtfd in Resources */,
				95A74F3A197410EF005D3792 /* Main.storyboard in Resources */,
				9558F7900615953200F6DE23 /* Credits.html in Resources */,
				95EDCC88062C4264007229A3 /* LisezMoi.rtfd in Resources */,
				95D7A922098D48B700DCE08D /* Leggimi.rtfd in Resources */,
				95F7771D0ECC2644009C621B /* dsa_pub.pem in Resources */,
				9539D83811453596007E698C /* blacklist.plist in Resources */,
			);
			runOnlyForDeploymentPostprocessing = 0;
		};
		95E236D81AD526DF00076008 /* Resources */ = {
			isa = PBXResourcesBuildPhase;
			buildActionMask = 2147483647;
			files = (
				95CD5C3E1ADAF765009DBCD0 /* Localizable.strings in Resources */,
			);
			runOnlyForDeploymentPostprocessing = 0;
		};
/* End PBXResourcesBuildPhase section */

/* Begin PBXShellScriptBuildPhase section */
		2FB13E69095670B83A3B069B /* [CP] Check Pods Manifest.lock */ = {
			isa = PBXShellScriptBuildPhase;
			buildActionMask = 2147483647;
			files = (
			);
			inputPaths = (
			);
			name = "[CP] Check Pods Manifest.lock";
			outputPaths = (
			);
			runOnlyForDeploymentPostprocessing = 0;
			shellPath = /bin/sh;
			shellScript = "diff \"${PODS_ROOT}/../Podfile.lock\" \"${PODS_ROOT}/Manifest.lock\" > /dev/null\nif [ $? != 0 ] ; then\n    # print error to STDERR\n    echo \"error: The sandbox is not in sync with the Podfile.lock. Run 'pod install' or update your CocoaPods installation.\" >&2\n    exit 1\nfi\n";
			showEnvVarsInLog = 0;
		};
		4A2909F1281673578E8D708C /* [CP] Copy Pods Resources */ = {
			isa = PBXShellScriptBuildPhase;
			buildActionMask = 2147483647;
			files = (
			);
			inputPaths = (
			);
			name = "[CP] Copy Pods Resources";
			outputPaths = (
			);
			runOnlyForDeploymentPostprocessing = 0;
			shellPath = /bin/sh;
			shellScript = "\"${SRCROOT}/Pods/Target Support Files/Pods-Monolingual/Pods-Monolingual-resources.sh\"\n";
			showEnvVarsInLog = 0;
		};
		4B6992436AF109B55DF552C7 /* [CP] Check Pods Manifest.lock */ = {
			isa = PBXShellScriptBuildPhase;
			buildActionMask = 2147483647;
			files = (
			);
			inputPaths = (
			);
			name = "[CP] Check Pods Manifest.lock";
			outputPaths = (
			);
			runOnlyForDeploymentPostprocessing = 0;
			shellPath = /bin/sh;
			shellScript = "diff \"${PODS_ROOT}/../Podfile.lock\" \"${PODS_ROOT}/Manifest.lock\" > /dev/null\nif [ $? != 0 ] ; then\n    # print error to STDERR\n    echo \"error: The sandbox is not in sync with the Podfile.lock. Run 'pod install' or update your CocoaPods installation.\" >&2\n    exit 1\nfi\n";
			showEnvVarsInLog = 0;
		};
		8081F625CF6A0B5E1DA7C2BF /* [CP] Embed Pods Frameworks */ = {
			isa = PBXShellScriptBuildPhase;
			buildActionMask = 2147483647;
			files = (
			);
			inputPaths = (
			);
			name = "[CP] Embed Pods Frameworks";
			outputPaths = (
			);
			runOnlyForDeploymentPostprocessing = 0;
			shellPath = /bin/sh;
			shellScript = "\"${SRCROOT}/Pods/Target Support Files/Pods-Monolingual/Pods-Monolingual-frameworks.sh\"\n";
			showEnvVarsInLog = 0;
		};
		950183451AF4FC26007F74C3 /* Fabric */ = {
			isa = PBXShellScriptBuildPhase;
			buildActionMask = 2147483647;
			files = (
			);
			inputPaths = (
			);
			name = Fabric;
			outputPaths = (
			);
			runOnlyForDeploymentPostprocessing = 0;
			shellPath = /bin/sh;
			shellScript = "if [ \"Release\" = \"${CONFIGURATION}\" ]; then\n    ./Pods/Fabric/run 9367389c9ba1c46bb506967bf78235d24bdefc65 7a6a19ca726915f847582d51190afcf756d57e1d299d9fca036cfb517345ea9c\nfi";
		};
		9510C84D1CA85A5B0050C330 /* 📦 Embed Pods Frameworks */ = {
			isa = PBXShellScriptBuildPhase;
			buildActionMask = 2147483647;
			files = (
			);
			inputPaths = (
			);
			name = "📦 Embed Pods Frameworks";
			outputPaths = (
			);
			runOnlyForDeploymentPostprocessing = 0;
			shellPath = /bin/sh;
			shellScript = "\"${SRCROOT}/Pods/Target Support Files/Pods-XPCService/Pods-XPCService-frameworks.sh\"\n";
		};
		95A501FC113F8933008EE4DB /* Strip Embedded Frameworks */ = {
			isa = PBXShellScriptBuildPhase;
			buildActionMask = 2147483647;
			files = (
			);
			inputPaths = (
			);
			name = "Strip Embedded Frameworks";
			outputPaths = (
			);
			runOnlyForDeploymentPostprocessing = 0;
			shellPath = /bin/sh;
			shellScript = "if [ -d \"${BUILT_PRODUCTS_DIR}/${FRAMEWORKS_FOLDER_PATH}\" ]; then\n    echo \"*** stripping header files from frameworks ***\"\n    find \"${BUILT_PRODUCTS_DIR}/${FRAMEWORKS_FOLDER_PATH}\" -type file -name \"*.h\" -delete\nfi\necho \"*** removing .DS_Store files ***\"\nfind \"${BUILT_PRODUCTS_DIR}/${UNLOCALIZED_RESOURCES_FOLDER_PATH}\" -type file -name \".DS_Store\" -delete 2>&1 > /dev/null\necho \"*** stripping IB files from NIBs ***\"\nfind \"${BUILT_PRODUCTS_DIR}/${UNLOCALIZED_RESOURCES_FOLDER_PATH}\" -type file \\( -name \"classes.nib\" -or -name \"info.nib\" -or -name \"data.dependency\" \\) -delete 2>&1 > /dev/null\nexit 0";
		};
		95B9D1821769D1E80072A7E0 /* Codesign Embedded Frameworks */ = {
			isa = PBXShellScriptBuildPhase;
			buildActionMask = 2147483647;
			files = (
			);
			inputPaths = (
			);
			name = "Codesign Embedded Frameworks";
			outputPaths = (
			);
			runOnlyForDeploymentPostprocessing = 0;
			shellPath = /bin/sh;
			shellScript = "#!/bin/sh\n\n# WARNING: You may have to run Clean in Xcode after changing CODE_SIGN_IDENTITY!\n\n# Verify that $CODE_SIGN_IDENTITY is set\nif [ -z \"$CODE_SIGN_IDENTITY\" ] ; then\necho \"CODE_SIGN_IDENTITY needs to be non-empty for codesigning frameworks!\"\n\nif [ \"$CONFIGURATION\" = \"Release\" ] ; then\nexit 1\nelse\n# Codesigning is optional for non-release builds.\nexit 0\nfi\nfi\n\nSAVEIFS=$IFS\nIFS=$(echo -en \"\\n\\b\")\n\nFRAMEWORK_DIR=\"${TARGET_BUILD_DIR}/${FRAMEWORKS_FOLDER_PATH}\"\n\n# Loop through all frameworks\nFRAMEWORKS=`find \"${FRAMEWORK_DIR}\" -type d -name \"*.framework\" | sed -e \"s/\\(.*\\)/\\1\\/Versions\\/A\\//\"`\nRESULT=$?\nif [[ $RESULT != 0 ]] ; then\nexit 1\nfi\n\necho \"Found:\"\necho \"${FRAMEWORKS}\"\n\nfor FRAMEWORK in $FRAMEWORKS; do\necho \"Signing '${FRAMEWORK}'\"\nXPCSERVICES=`find \"${FRAMEWORK}/XPCServices\" -type d -depth 1`\nRESULT=$?\nif [[ $RESULT == 0 ]] ; then\n  for XPCSERVICE in $XPCSERVICES; do\n    `codesign -f -v -s \"${CODE_SIGN_IDENTITY}\" \"${XPCSERVICE}\"`\n  done\nfi\n`codesign -f -v -s \"${CODE_SIGN_IDENTITY}\" \"${FRAMEWORK}\"`\nRESULT=$?\nif [[ $RESULT != 0 ]] ; then\nexit 1\nfi\ndone\n\n# restore $IFS\nIFS=$SAVEIFS";
		};
		C85E63067E59241F3FA0F225 /* [CP] Copy Pods Resources */ = {
			isa = PBXShellScriptBuildPhase;
			buildActionMask = 2147483647;
			files = (
			);
			inputPaths = (
			);
			name = "[CP] Copy Pods Resources";
			outputPaths = (
			);
			runOnlyForDeploymentPostprocessing = 0;
			shellPath = /bin/sh;
			shellScript = "\"${SRCROOT}/Pods/Target Support Files/Pods-XPCService/Pods-XPCService-resources.sh\"\n";
			showEnvVarsInLog = 0;
		};
/* End PBXShellScriptBuildPhase section */

/* Begin PBXSourcesBuildPhase section */
		955263981AE67351001AD4F3 /* Sources */ = {
			isa = PBXSourcesBuildPhase;
			buildActionMask = 2147483647;
			files = (
				955263A11AE67351001AD4F3 /* Helper_Tests.swift in Sources */,
				955263A51AE67594001AD4F3 /* HelperRequest.swift in Sources */,
				955263A61AE675AE001AD4F3 /* Helper.swift in Sources */,
				955263A71AE675AE001AD4F3 /* HelperContext.swift in Sources */,
				955263A81AE6770F001AD4F3 /* HelperProtocol.swift in Sources */,
				95E2DEA41AEE593800243579 /* lipo.swift in Sources */,
			);
			runOnlyForDeploymentPostprocessing = 0;
		};
		95A130370608F92F00D8E30C /* Sources */ = {
			isa = PBXSourcesBuildPhase;
			buildActionMask = 2147483647;
			files = (
				959CEEDF19714E0500A433C0 /* PreferencesViewController.swift in Sources */,
				950ED26E1976AA6D00BAC239 /* BlacklistEntry.swift in Sources */,
				95355ADC1AD7FA5600872850 /* HelperRequest.swift in Sources */,
				950ED2711976AA9D00BAC239 /* ArchitectureSetting.swift in Sources */,
				9572AB171977E8E5002E4AF4 /* Setting.swift in Sources */,
				950ED26C1976AA6400BAC239 /* LanguageSetting.swift in Sources */,
				95527CE519741A930092C744 /* Log.swift in Sources */,
				95527CE319741A540092C744 /* AppDelegate.swift in Sources */,
				950ED2731976AAB600BAC239 /* Root.swift in Sources */,
				959CEEE21972F29B00A433C0 /* MainViewController.swift in Sources */,
				959CEEE019714E0500A433C0 /* ProgressViewController.swift in Sources */,
				959CEEDD19714E0500A433C0 /* ISTableView.swift in Sources */,
				95E236ED1AD526F700076008 /* XPCServiceProtocol.swift in Sources */,
				95355AD51AD7F50200872850 /* HelperProtocol.swift in Sources */,
			);
			runOnlyForDeploymentPostprocessing = 0;
		};
		95C3C95D0610144300D417BC /* Sources */ = {
			isa = PBXSourcesBuildPhase;
			buildActionMask = 2147483647;
			files = (
				955CE2981B20D8D800F64646 /* Option.swift in Sources */,
				95355AE01AD806DD00872850 /* Helper.swift in Sources */,
				95355AD31AD7F31200872850 /* main.swift in Sources */,
				955CE2991B20D8D800F64646 /* StringExtensions.swift in Sources */,
				95355AD61AD7F50200872850 /* HelperProtocol.swift in Sources */,
				95355AD91AD7F5C500872850 /* HelperRequest.swift in Sources */,
				95355ADE1AD7FAF900872850 /* HelperContext.swift in Sources */,
				955CE2971B20D8D800F64646 /* CommandLine.swift in Sources */,
				95EB7AB41AE7B0FB0066369B /* lipo.swift in Sources */,
			);
			runOnlyForDeploymentPostprocessing = 0;
		};
		95E236D61AD526DF00076008 /* Sources */ = {
			isa = PBXSourcesBuildPhase;
			buildActionMask = 2147483647;
			files = (
				95E236F71AD5356B00076008 /* MonolingualHelperClient.swift in Sources */,
				95E236EE1AD526F700076008 /* XPCServiceProtocol.swift in Sources */,
				95E236F21AD52C7100076008 /* main.swift in Sources */,
				95355ADB1AD7FA4A00872850 /* HelperRequest.swift in Sources */,
				95E236F01AD52C0E00076008 /* XPCService.swift in Sources */,
				95355AD71AD7F50200872850 /* HelperProtocol.swift in Sources */,
			);
			runOnlyForDeploymentPostprocessing = 0;
		};
		95EB7AA81AE777F90066369B /* Sources */ = {
			isa = PBXSourcesBuildPhase;
			buildActionMask = 2147483647;
			files = (
				95EB7AAF1AE777F90066369B /* main.swift in Sources */,
				95EB7AB31AE7780C0066369B /* lipo.swift in Sources */,
			);
			runOnlyForDeploymentPostprocessing = 0;
		};
/* End PBXSourcesBuildPhase section */

/* Begin PBXTargetDependency section */
		95E236E51AD526DF00076008 /* PBXTargetDependency */ = {
			isa = PBXTargetDependency;
			target = 95E236D91AD526DF00076008 /* XPCService */;
			targetProxy = 95E236E41AD526DF00076008 /* PBXContainerItemProxy */;
		};
		95E236F41AD532E400076008 /* PBXTargetDependency */ = {
			isa = PBXTargetDependency;
			target = 95C3C95F0610144300D417BC /* Helper */;
			targetProxy = 95E236F31AD532E400076008 /* PBXContainerItemProxy */;
		};
/* End PBXTargetDependency section */

/* Begin PBXVariantGroup section */
		089C165CFE840E0CC02AAC07 /* InfoPlist.strings */ = {
			isa = PBXVariantGroup;
			children = (
				089C165DFE840E0CC02AAC07 /* English */,
				F5DF00D801EC02150120C6FA /* Japanese */,
				F5230A6E028CE07101D970AB /* Swedish */,
				F52C8EEB02C5606B01250A50 /* Polish */,
				F505F4EC0300C29D01E3DC1E /* German */,
				95EDCC8B062C4393007229A3 /* French */,
				95833CDF06ED8C2D00238761 /* Italian */,
				95852A801119CDA400B54346 /* Spanish */,
				95773339197939B70008E1A4 /* el */,
				95955DF91A041F1100165C3E /* hr */,
				F6E6809F1AC22DFE00A5CBD8 /* nl */,
				950217341AD16F8D00907A24 /* ro */,
				954DE0001AD4ED4F0097145C /* ko */,
				95EBC3A11BD989F00022BA4A /* ru */,
			);
			name = InfoPlist.strings;
			sourceTree = "<group>";
		};
		9558F78F0615953200F6DE23 /* Credits.html */ = {
			isa = PBXVariantGroup;
			children = (
				95F508FD098CC8DF009FD7EC /* English */,
				9558F7940615953D00F6DE23 /* German */,
				2BCD7FCA097D043900FE7723 /* Italian */,
				95852A7F1119CDA400B54346 /* Spanish */,
				95A75A8118FC6C8100BD2E36 /* el */,
				95955DF81A041F1100165C3E /* hr */,
				F6E680A01AC22DFF00A5CBD8 /* nl */,
				950217331AD16E7600907A24 /* ro */,
				954DDFFF1AD4ED350097145C /* ko */,
			);
			name = Credits.html;
			sourceTree = "<group>";
		};
		95A74F38197410EF005D3792 /* Main.storyboard */ = {
			isa = PBXVariantGroup;
			children = (
				95A74F39197410EF005D3792 /* Base */,
				95FAA327197507E400C506EE /* de */,
				95FAA329197507F500C506EE /* fr */,
				95FAA32B19752A5300C506EE /* sv */,
				95FAA32D19752A5D00C506EE /* pl */,
				95FAA32F19752A6300C506EE /* it */,
				95FAA33119752A6700C506EE /* es */,
				95FAA33319752A6B00C506EE /* el */,
				95FAA33519752A7200C506EE /* ja */,
				95FAA33719752AA900C506EE /* en */,
				95955DFE1A041F3300165C3E /* hr */,
				F6E6809D1AC22DFE00A5CBD8 /* nl */,
				950217391AD16FE500907A24 /* ro */,
				954DE0051AD4EE8C0097145C /* ko */,
				95EBC3A61BD98A720022BA4A /* ru */,
			);
			name = Main.storyboard;
			sourceTree = "<group>";
		};
		F51C1B3401F29B1C0120C6FA /* Localizable.strings */ = {
			isa = PBXVariantGroup;
			children = (
				F51C1B3501F29B1C0120C6FA /* English */,
				F51C1B3701F2ACAC0120C6FA /* Japanese */,
				F5230A69028CE07101D970AB /* Swedish */,
				F52C8EEC02C5606B01250A50 /* Polish */,
				F505F4ED0300C2B001E3DC1E /* German */,
				95EDCC84062C3B83007229A3 /* French */,
				95CB1AFE06E8DDDD00293B60 /* Italian */,
				95852A7D1119CD8F00B54346 /* Spanish */,
				95A75A8318FC6C9300BD2E36 /* el */,
				95955DFA1A041F1100165C3E /* hr */,
				F6E6809E1AC22DFE00A5CBD8 /* nl */,
				950217351AD16FB000907A24 /* ro */,
				954DE0011AD4EDB60097145C /* ko */,
				95EBC3A21BD98A460022BA4A /* ru */,
			);
			name = Localizable.strings;
			sourceTree = "<group>";
		};
/* End PBXVariantGroup section */

/* Begin XCBuildConfiguration section */
		955263A21AE67351001AD4F3 /* Debug */ = {
			isa = XCBuildConfiguration;
			buildSettings = {
				ALWAYS_SEARCH_USER_PATHS = NO;
				CLANG_CXX_LANGUAGE_STANDARD = "gnu++0x";
				CLANG_CXX_LIBRARY = "libc++";
				CLANG_ENABLE_OBJC_ARC = YES;
				CLANG_WARN_BOOL_CONVERSION = YES;
				CLANG_WARN_CONSTANT_CONVERSION = YES;
				CLANG_WARN_DIRECT_OBJC_ISA_USAGE = YES_ERROR;
				CLANG_WARN_EMPTY_BODY = YES;
				CLANG_WARN_ENUM_CONVERSION = YES;
				CLANG_WARN_INT_CONVERSION = YES;
				CLANG_WARN_OBJC_ROOT_CLASS = YES_ERROR;
				CLANG_WARN_UNREACHABLE_CODE = YES;
				CLANG_WARN__DUPLICATE_METHOD_MATCH = YES;
				COMBINE_HIDPI_IMAGES = YES;
				ENABLE_STRICT_OBJC_MSGSEND = YES;
				FRAMEWORK_SEARCH_PATHS = (
					"$(DEVELOPER_FRAMEWORKS_DIR)",
					"$(inherited)",
				);
				GCC_C_LANGUAGE_STANDARD = gnu99;
				GCC_DYNAMIC_NO_PIC = NO;
				GCC_NO_COMMON_BLOCKS = YES;
				GCC_PREPROCESSOR_DEFINITIONS = (
					"DEBUG=1",
					"$(inherited)",
				);
				GCC_SYMBOLS_PRIVATE_EXTERN = NO;
				GCC_WARN_64_TO_32_BIT_CONVERSION = YES;
				GCC_WARN_ABOUT_RETURN_TYPE = YES_ERROR;
				GCC_WARN_UNDECLARED_SELECTOR = YES;
				GCC_WARN_UNINITIALIZED_AUTOS = YES_AGGRESSIVE;
				GCC_WARN_UNUSED_FUNCTION = YES;
				GCC_WARN_UNUSED_VARIABLE = YES;
				INFOPLIST_FILE = Helper/Tests/Info.plist;
				LD_RUNPATH_SEARCH_PATHS = "$(inherited) @executable_path/../Frameworks @loader_path/../Frameworks";
				MTL_ENABLE_DEBUG_INFO = YES;
				PRODUCT_BUNDLE_IDENTIFIER = "com.github.IngmarStein.Monolingual.$(PRODUCT_NAME:rfc1034identifier)";
				PRODUCT_NAME = "$(TARGET_NAME)";
				SWIFT_OPTIMIZATION_LEVEL = "-Onone";
			};
			name = Debug;
		};
		955263A31AE67351001AD4F3 /* Release */ = {
			isa = XCBuildConfiguration;
			buildSettings = {
				ALWAYS_SEARCH_USER_PATHS = NO;
				CLANG_CXX_LANGUAGE_STANDARD = "gnu++0x";
				CLANG_CXX_LIBRARY = "libc++";
				CLANG_ENABLE_OBJC_ARC = YES;
				CLANG_WARN_BOOL_CONVERSION = YES;
				CLANG_WARN_CONSTANT_CONVERSION = YES;
				CLANG_WARN_DIRECT_OBJC_ISA_USAGE = YES_ERROR;
				CLANG_WARN_EMPTY_BODY = YES;
				CLANG_WARN_ENUM_CONVERSION = YES;
				CLANG_WARN_INT_CONVERSION = YES;
				CLANG_WARN_OBJC_ROOT_CLASS = YES_ERROR;
				CLANG_WARN_UNREACHABLE_CODE = YES;
				CLANG_WARN__DUPLICATE_METHOD_MATCH = YES;
				COMBINE_HIDPI_IMAGES = YES;
				ENABLE_STRICT_OBJC_MSGSEND = YES;
				FRAMEWORK_SEARCH_PATHS = (
					"$(DEVELOPER_FRAMEWORKS_DIR)",
					"$(inherited)",
				);
				GCC_C_LANGUAGE_STANDARD = gnu99;
				GCC_NO_COMMON_BLOCKS = YES;
				GCC_WARN_64_TO_32_BIT_CONVERSION = YES;
				GCC_WARN_ABOUT_RETURN_TYPE = YES_ERROR;
				GCC_WARN_UNDECLARED_SELECTOR = YES;
				GCC_WARN_UNINITIALIZED_AUTOS = YES_AGGRESSIVE;
				GCC_WARN_UNUSED_FUNCTION = YES;
				INFOPLIST_FILE = Helper/Tests/Info.plist;
				LD_RUNPATH_SEARCH_PATHS = "$(inherited) @executable_path/../Frameworks @loader_path/../Frameworks";
				MTL_ENABLE_DEBUG_INFO = NO;
				PRODUCT_BUNDLE_IDENTIFIER = "com.github.IngmarStein.Monolingual.$(PRODUCT_NAME:rfc1034identifier)";
				PRODUCT_NAME = "$(TARGET_NAME)";
			};
			name = Release;
		};
		95AAF5610856C2DC007CEE36 /* Debug */ = {
			isa = XCBuildConfiguration;
			buildSettings = {
				CLANG_ENABLE_MODULES = YES;
				GCC_C_LANGUAGE_STANDARD = gnu11;
				INFOPLIST_FILE = "Helper/Sources/MonolingualHelper-Info.plist";
				LD_RUNPATH_SEARCH_PATHS = "$(inherited) @executable_path/../Frameworks @loader_path/../Frameworks";
				OTHER_LDFLAGS = (
					"-sectcreate",
					__TEXT,
					__info_plist,
					"Helper/Sources/MonolingualHelper-Info.plist",
					"-sectcreate",
					__TEXT,
					__launchd_plist,
					"Helper/Sources/MonolingualHelper-launchd.plist",
				);
				PRODUCT_BUNDLE_IDENTIFIER = com.github.IngmarStein.Monolingual.Helper;
				PRODUCT_NAME = com.github.IngmarStein.Monolingual.Helper;
				SKIP_INSTALL = YES;
				SWIFT_OPTIMIZATION_LEVEL = "-Onone";
			};
			name = Debug;
		};
		95AAF5620856C2DC007CEE36 /* Release */ = {
			isa = XCBuildConfiguration;
			buildSettings = {
				CLANG_ENABLE_MODULES = YES;
				GCC_C_LANGUAGE_STANDARD = gnu11;
				INFOPLIST_FILE = "Helper/Sources/MonolingualHelper-Info.plist";
				LD_RUNPATH_SEARCH_PATHS = "$(inherited) @executable_path/../Frameworks @loader_path/../Frameworks";
				OTHER_LDFLAGS = (
					"-sectcreate",
					__TEXT,
					__info_plist,
					"Helper/Sources/MonolingualHelper-Info.plist",
					"-sectcreate",
					__TEXT,
					__launchd_plist,
					"Helper/Sources/MonolingualHelper-launchd.plist",
				);
				PRODUCT_BUNDLE_IDENTIFIER = com.github.IngmarStein.Monolingual.Helper;
				PRODUCT_NAME = com.github.IngmarStein.Monolingual.Helper;
				SKIP_INSTALL = YES;
			};
			name = Release;
		};
		95AAF5650856C2DC007CEE36 /* Debug */ = {
			isa = XCBuildConfiguration;
			baseConfigurationReference = 3579871AA54059DABA10CC7E /* Pods-Monolingual.debug.xcconfig */;
			buildSettings = {
				ASSETCATALOG_COMPILER_APPICON_NAME = AppIcon;
				CLANG_ENABLE_MODULES = YES;
				CLANG_ENABLE_OBJC_ARC = YES;
				CODE_SIGN_ENTITLEMENTS = Monolingual.entitlements;
				CODE_SIGN_IDENTITY = "Developer ID Application: Ingmar Stein (ADVP2P7SJK)";
				COMBINE_HIDPI_IMAGES = YES;
				FRAMEWORK_SEARCH_PATHS = (
					"$(SRCROOT)",
					"$(FRAMEWORK_SEARCH_PATHS_QUOTED_FOR_TARGET_1)",
					"$(inherited)",
					"$(PROJECT_DIR)",
				);
				INFOPLIST_FILE = Info.plist;
				LD_RUNPATH_SEARCH_PATHS = "$(inherited) @executable_path/../Frameworks";
				PRODUCT_BUNDLE_IDENTIFIER = com.github.IngmarStein.Monolingual;
				PRODUCT_NAME = Monolingual;
				SWIFT_OPTIMIZATION_LEVEL = "-Onone";
				WRAPPER_EXTENSION = app;
			};
			name = Debug;
		};
		95AAF5660856C2DC007CEE36 /* Release */ = {
			isa = XCBuildConfiguration;
			baseConfigurationReference = 271E7D7E5ACCB0766DF3580A /* Pods-Monolingual.release.xcconfig */;
			buildSettings = {
				ASSETCATALOG_COMPILER_APPICON_NAME = AppIcon;
				CLANG_ENABLE_MODULES = YES;
				CLANG_ENABLE_OBJC_ARC = YES;
				CODE_SIGN_ENTITLEMENTS = Monolingual.entitlements;
				CODE_SIGN_IDENTITY = "Developer ID Application: Ingmar Stein (ADVP2P7SJK)";
				COMBINE_HIDPI_IMAGES = YES;
				FRAMEWORK_SEARCH_PATHS = (
					"$(SRCROOT)",
					"$(FRAMEWORK_SEARCH_PATHS_QUOTED_FOR_TARGET_1)",
					"$(inherited)",
					"$(PROJECT_DIR)",
				);
				INFOPLIST_FILE = Info.plist;
				LD_RUNPATH_SEARCH_PATHS = "$(inherited) @executable_path/../Frameworks";
				PRODUCT_BUNDLE_IDENTIFIER = com.github.IngmarStein.Monolingual;
				PRODUCT_NAME = Monolingual;
				WRAPPER_EXTENSION = app;
			};
			name = Release;
		};
		95AAF5690856C2DC007CEE36 /* Debug */ = {
			isa = XCBuildConfiguration;
			buildSettings = {
				ALWAYS_SEARCH_USER_PATHS = NO;
				CLANG_ANALYZER_LOCALIZABILITY_NONLOCALIZED = YES;
				CLANG_ANALYZER_NONNULL = YES;
				CLANG_ANALYZER_SECURITY_INSECUREAPI_RAND = YES;
				CLANG_ANALYZER_SECURITY_INSECUREAPI_STRCPY = YES;
				CLANG_ENABLE_MODULES = YES;
				CLANG_WARN_BOOL_CONVERSION = YES;
				CLANG_WARN_CONSTANT_CONVERSION = YES;
				CLANG_WARN_EMPTY_BODY = YES;
				CLANG_WARN_ENUM_CONVERSION = YES;
				CLANG_WARN_INFINITE_RECURSION = YES;
				CLANG_WARN_INT_CONVERSION = YES;
				CLANG_WARN_OBJC_IMPLICIT_RETAIN_SELF = YES;
				CLANG_WARN_SUSPICIOUS_MOVE = YES;
				CLANG_WARN_UNREACHABLE_CODE = YES;
				CLANG_WARN__DUPLICATE_METHOD_MATCH = YES;
				CODE_SIGN_IDENTITY = "";
				COPY_PHASE_STRIP = NO;
				DEAD_CODE_STRIPPING = NO;
				DEBUG_INFORMATION_FORMAT = dwarf;
				DEPLOYMENT_POSTPROCESSING = NO;
				ENABLE_STRICT_OBJC_MSGSEND = YES;
				ENABLE_TESTABILITY = YES;
				GCC_GENERATE_DEBUGGING_SYMBOLS = YES;
				GCC_NO_COMMON_BLOCKS = YES;
				GCC_OPTIMIZATION_LEVEL = 0;
				GCC_SYMBOLS_PRIVATE_EXTERN = YES;
				GCC_WARN_64_TO_32_BIT_CONVERSION = YES;
				GCC_WARN_ABOUT_RETURN_TYPE = YES;
				GCC_WARN_UNDECLARED_SELECTOR = YES;
				GCC_WARN_UNUSED_FUNCTION = YES;
				LLVM_LTO = NO;
				MACOSX_DEPLOYMENT_TARGET = 10.12;
				ONLY_ACTIVE_ARCH = YES;
				PRECOMPS_INCLUDE_HEADERS_FROM_BUILT_PRODUCTS_DIR = NO;
				PROVISIONING_PROFILE = "";
				RUN_CLANG_STATIC_ANALYZER = NO;
				SDKROOT = macosx;
				STRIP_INSTALLED_PRODUCT = NO;
				SWIFT_OPTIMIZATION_LEVEL = "-Onone";
				SWIFT_VERSION = 3.0;
				WARNING_CFLAGS = (
					"-Weverything",
					"-Wno-objc-missing-property-synthesis",
				);
			};
			name = Debug;
		};
		95AAF56A0856C2DC007CEE36 /* Release */ = {
			isa = XCBuildConfiguration;
			buildSettings = {
				ALWAYS_SEARCH_USER_PATHS = NO;
				CLANG_ANALYZER_LOCALIZABILITY_NONLOCALIZED = YES;
				CLANG_ANALYZER_NONNULL = YES;
				CLANG_ANALYZER_SECURITY_INSECUREAPI_RAND = YES;
				CLANG_ANALYZER_SECURITY_INSECUREAPI_STRCPY = YES;
				CLANG_ENABLE_MODULES = YES;
				CLANG_WARN_BOOL_CONVERSION = YES;
				CLANG_WARN_CONSTANT_CONVERSION = YES;
				CLANG_WARN_EMPTY_BODY = YES;
				CLANG_WARN_ENUM_CONVERSION = YES;
				CLANG_WARN_INFINITE_RECURSION = YES;
				CLANG_WARN_INT_CONVERSION = YES;
				CLANG_WARN_OBJC_IMPLICIT_RETAIN_SELF = YES;
				CLANG_WARN_SUSPICIOUS_MOVE = YES;
				CLANG_WARN_UNREACHABLE_CODE = YES;
				CLANG_WARN__DUPLICATE_METHOD_MATCH = YES;
				CODE_SIGN_IDENTITY = "";
				COPY_PHASE_STRIP = NO;
				DEAD_CODE_STRIPPING = YES;
				DEBUG_INFORMATION_FORMAT = "dwarf-with-dsym";
				DEPLOYMENT_POSTPROCESSING = YES;
				ENABLE_NS_ASSERTIONS = NO;
				ENABLE_STRICT_OBJC_MSGSEND = YES;
				GCC_GENERATE_DEBUGGING_SYMBOLS = YES;
				GCC_NO_COMMON_BLOCKS = YES;
				GCC_OPTIMIZATION_LEVEL = fast;
				GCC_SYMBOLS_PRIVATE_EXTERN = YES;
				GCC_WARN_64_TO_32_BIT_CONVERSION = YES;
				GCC_WARN_ABOUT_RETURN_TYPE = YES;
				GCC_WARN_UNDECLARED_SELECTOR = YES;
				GCC_WARN_UNINITIALIZED_AUTOS = YES;
				GCC_WARN_UNUSED_FUNCTION = YES;
				GCC_WARN_UNUSED_VARIABLE = YES;
				LLVM_LTO = YES;
				MACOSX_DEPLOYMENT_TARGET = 10.12;
				PRECOMPS_INCLUDE_HEADERS_FROM_BUILT_PRODUCTS_DIR = NO;
				PROVISIONING_PROFILE = "";
				RUN_CLANG_STATIC_ANALYZER = YES;
				SDKROOT = macosx;
				SEPARATE_STRIP = YES;
				SWIFT_OPTIMIZATION_LEVEL = "-Owholemodule";
				SWIFT_VERSION = 3.0;
				WARNING_CFLAGS = (
					"-Weverything",
					"-Wno-objc-missing-property-synthesis",
				);
			};
			name = Release;
		};
		95E236E71AD526DF00076008 /* Debug */ = {
			isa = XCBuildConfiguration;
			baseConfigurationReference = 99F35F9584E0B853627BE591 /* Pods-XPCService.debug.xcconfig */;
			buildSettings = {
				ALWAYS_EMBED_SWIFT_STANDARD_LIBRARIES = NO;
				ALWAYS_SEARCH_USER_PATHS = NO;
				CLANG_CXX_LANGUAGE_STANDARD = "gnu++0x";
				CLANG_CXX_LIBRARY = "libc++";
				CLANG_ENABLE_MODULES = YES;
				CLANG_ENABLE_OBJC_ARC = YES;
				CLANG_WARN_BOOL_CONVERSION = YES;
				CLANG_WARN_CONSTANT_CONVERSION = YES;
				CLANG_WARN_DIRECT_OBJC_ISA_USAGE = YES_ERROR;
				CLANG_WARN_EMPTY_BODY = YES;
				CLANG_WARN_ENUM_CONVERSION = YES;
				CLANG_WARN_INT_CONVERSION = YES;
				CLANG_WARN_OBJC_ROOT_CLASS = YES_ERROR;
				CLANG_WARN_UNREACHABLE_CODE = YES;
				CLANG_WARN__DUPLICATE_METHOD_MATCH = YES;
				CODE_SIGN_IDENTITY = "Developer ID Application: Ingmar Stein (ADVP2P7SJK)";
				COMBINE_HIDPI_IMAGES = YES;
				ENABLE_STRICT_OBJC_MSGSEND = YES;
				GCC_C_LANGUAGE_STANDARD = gnu99;
				GCC_DYNAMIC_NO_PIC = NO;
				GCC_NO_COMMON_BLOCKS = YES;
				GCC_PREPROCESSOR_DEFINITIONS = (
					"DEBUG=1",
					"$(inherited)",
				);
				GCC_SYMBOLS_PRIVATE_EXTERN = NO;
				GCC_WARN_64_TO_32_BIT_CONVERSION = YES;
				GCC_WARN_ABOUT_RETURN_TYPE = YES_ERROR;
				GCC_WARN_UNDECLARED_SELECTOR = YES;
				GCC_WARN_UNINITIALIZED_AUTOS = YES_AGGRESSIVE;
				GCC_WARN_UNUSED_FUNCTION = YES;
				GCC_WARN_UNUSED_VARIABLE = YES;
				INFOPLIST_FILE = XPCService/Info.plist;
				LD_RUNPATH_SEARCH_PATHS = "$(inherited) @executable_path/../Frameworks @loader_path/../Frameworks @loader_path/../../../../Frameworks";
				MTL_ENABLE_DEBUG_INFO = YES;
				PRODUCT_BUNDLE_IDENTIFIER = com.github.IngmarStein.Monolingual.XPCService;
				PRODUCT_NAME = Monolingual;
				SKIP_INSTALL = YES;
				SWIFT_OPTIMIZATION_LEVEL = "-Onone";
			};
			name = Debug;
		};
		95E236E81AD526DF00076008 /* Release */ = {
			isa = XCBuildConfiguration;
			baseConfigurationReference = 832AA36A7030E9574F2C948A /* Pods-XPCService.release.xcconfig */;
			buildSettings = {
				ALWAYS_EMBED_SWIFT_STANDARD_LIBRARIES = NO;
				ALWAYS_SEARCH_USER_PATHS = NO;
				CLANG_CXX_LANGUAGE_STANDARD = "gnu++0x";
				CLANG_CXX_LIBRARY = "libc++";
				CLANG_ENABLE_MODULES = YES;
				CLANG_ENABLE_OBJC_ARC = YES;
				CLANG_WARN_BOOL_CONVERSION = YES;
				CLANG_WARN_CONSTANT_CONVERSION = YES;
				CLANG_WARN_DIRECT_OBJC_ISA_USAGE = YES_ERROR;
				CLANG_WARN_EMPTY_BODY = YES;
				CLANG_WARN_ENUM_CONVERSION = YES;
				CLANG_WARN_INT_CONVERSION = YES;
				CLANG_WARN_OBJC_ROOT_CLASS = YES_ERROR;
				CLANG_WARN_UNREACHABLE_CODE = YES;
				CLANG_WARN__DUPLICATE_METHOD_MATCH = YES;
				CODE_SIGN_IDENTITY = "Developer ID Application: Ingmar Stein (ADVP2P7SJK)";
				COMBINE_HIDPI_IMAGES = YES;
				ENABLE_STRICT_OBJC_MSGSEND = YES;
				GCC_C_LANGUAGE_STANDARD = gnu99;
				GCC_NO_COMMON_BLOCKS = YES;
				GCC_WARN_64_TO_32_BIT_CONVERSION = YES;
				GCC_WARN_ABOUT_RETURN_TYPE = YES_ERROR;
				GCC_WARN_UNDECLARED_SELECTOR = YES;
				GCC_WARN_UNINITIALIZED_AUTOS = YES_AGGRESSIVE;
				GCC_WARN_UNUSED_FUNCTION = YES;
				INFOPLIST_FILE = XPCService/Info.plist;
				LD_RUNPATH_SEARCH_PATHS = "$(inherited) @executable_path/../Frameworks @loader_path/../Frameworks @loader_path/../../../../Frameworks";
				MTL_ENABLE_DEBUG_INFO = NO;
				PRODUCT_BUNDLE_IDENTIFIER = com.github.IngmarStein.Monolingual.XPCService;
				PRODUCT_NAME = Monolingual;
				SKIP_INSTALL = YES;
			};
			name = Release;
		};
		95EB7AB11AE777F90066369B /* Debug */ = {
			isa = XCBuildConfiguration;
			buildSettings = {
				ALWAYS_SEARCH_USER_PATHS = NO;
				CLANG_CXX_LANGUAGE_STANDARD = "gnu++0x";
				CLANG_CXX_LIBRARY = "libc++";
				CLANG_ENABLE_OBJC_ARC = YES;
				CLANG_WARN_BOOL_CONVERSION = YES;
				CLANG_WARN_CONSTANT_CONVERSION = YES;
				CLANG_WARN_DIRECT_OBJC_ISA_USAGE = YES_ERROR;
				CLANG_WARN_EMPTY_BODY = YES;
				CLANG_WARN_ENUM_CONVERSION = YES;
				CLANG_WARN_INT_CONVERSION = YES;
				CLANG_WARN_OBJC_ROOT_CLASS = YES_ERROR;
				CLANG_WARN_UNREACHABLE_CODE = YES;
				CLANG_WARN__DUPLICATE_METHOD_MATCH = YES;
				CODE_SIGN_IDENTITY = "Mac Developer";
				DEVELOPMENT_TEAM = ADVP2P7SJK;
				ENABLE_STRICT_OBJC_MSGSEND = YES;
				GCC_C_LANGUAGE_STANDARD = gnu99;
				GCC_DYNAMIC_NO_PIC = NO;
				GCC_NO_COMMON_BLOCKS = YES;
				GCC_PREPROCESSOR_DEFINITIONS = (
					"DEBUG=1",
					"$(inherited)",
				);
				GCC_SYMBOLS_PRIVATE_EXTERN = NO;
				GCC_WARN_64_TO_32_BIT_CONVERSION = YES;
				GCC_WARN_ABOUT_RETURN_TYPE = YES_ERROR;
				GCC_WARN_UNDECLARED_SELECTOR = YES;
				GCC_WARN_UNINITIALIZED_AUTOS = YES_AGGRESSIVE;
				GCC_WARN_UNUSED_FUNCTION = YES;
				GCC_WARN_UNUSED_VARIABLE = YES;
				MTL_ENABLE_DEBUG_INFO = YES;
				PRODUCT_NAME = "$(TARGET_NAME)";
				SWIFT_OPTIMIZATION_LEVEL = "-Onone";
			};
			name = Debug;
		};
		95EB7AB21AE777F90066369B /* Release */ = {
			isa = XCBuildConfiguration;
			buildSettings = {
				ALWAYS_SEARCH_USER_PATHS = NO;
				CLANG_CXX_LANGUAGE_STANDARD = "gnu++0x";
				CLANG_CXX_LIBRARY = "libc++";
				CLANG_ENABLE_OBJC_ARC = YES;
				CLANG_WARN_BOOL_CONVERSION = YES;
				CLANG_WARN_CONSTANT_CONVERSION = YES;
				CLANG_WARN_DIRECT_OBJC_ISA_USAGE = YES_ERROR;
				CLANG_WARN_EMPTY_BODY = YES;
				CLANG_WARN_ENUM_CONVERSION = YES;
				CLANG_WARN_INT_CONVERSION = YES;
				CLANG_WARN_OBJC_ROOT_CLASS = YES_ERROR;
				CLANG_WARN_UNREACHABLE_CODE = YES;
				CLANG_WARN__DUPLICATE_METHOD_MATCH = YES;
				CODE_SIGN_IDENTITY = "Mac Developer";
				DEVELOPMENT_TEAM = ADVP2P7SJK;
				ENABLE_STRICT_OBJC_MSGSEND = YES;
				GCC_C_LANGUAGE_STANDARD = gnu99;
				GCC_NO_COMMON_BLOCKS = YES;
				GCC_WARN_64_TO_32_BIT_CONVERSION = YES;
				GCC_WARN_ABOUT_RETURN_TYPE = YES_ERROR;
				GCC_WARN_UNDECLARED_SELECTOR = YES;
				GCC_WARN_UNINITIALIZED_AUTOS = YES_AGGRESSIVE;
				GCC_WARN_UNUSED_FUNCTION = YES;
				MTL_ENABLE_DEBUG_INFO = NO;
				PRODUCT_NAME = "$(TARGET_NAME)";
			};
			name = Release;
		};
/* End XCBuildConfiguration section */

/* Begin XCConfigurationList section */
		955263A41AE67351001AD4F3 /* Build configuration list for PBXNativeTarget "Helper Tests" */ = {
			isa = XCConfigurationList;
			buildConfigurations = (
				955263A21AE67351001AD4F3 /* Debug */,
				955263A31AE67351001AD4F3 /* Release */,
			);
			defaultConfigurationIsVisible = 0;
			defaultConfigurationName = Release;
		};
		95AAF5600856C2DC007CEE36 /* Build configuration list for PBXNativeTarget "Helper" */ = {
			isa = XCConfigurationList;
			buildConfigurations = (
				95AAF5610856C2DC007CEE36 /* Debug */,
				95AAF5620856C2DC007CEE36 /* Release */,
			);
			defaultConfigurationIsVisible = 0;
			defaultConfigurationName = Release;
		};
		95AAF5640856C2DC007CEE36 /* Build configuration list for PBXNativeTarget "Monolingual" */ = {
			isa = XCConfigurationList;
			buildConfigurations = (
				95AAF5650856C2DC007CEE36 /* Debug */,
				95AAF5660856C2DC007CEE36 /* Release */,
			);
			defaultConfigurationIsVisible = 0;
			defaultConfigurationName = Release;
		};
		95AAF5680856C2DC007CEE36 /* Build configuration list for PBXProject "Monolingual" */ = {
			isa = XCConfigurationList;
			buildConfigurations = (
				95AAF5690856C2DC007CEE36 /* Debug */,
				95AAF56A0856C2DC007CEE36 /* Release */,
			);
			defaultConfigurationIsVisible = 0;
			defaultConfigurationName = Release;
		};
		95E236E91AD526DF00076008 /* Build configuration list for PBXNativeTarget "XPCService" */ = {
			isa = XCConfigurationList;
			buildConfigurations = (
				95E236E71AD526DF00076008 /* Debug */,
				95E236E81AD526DF00076008 /* Release */,
			);
			defaultConfigurationIsVisible = 0;
			defaultConfigurationName = Release;
		};
		95EB7AB01AE777F90066369B /* Build configuration list for PBXNativeTarget "lipo" */ = {
			isa = XCConfigurationList;
			buildConfigurations = (
				95EB7AB11AE777F90066369B /* Debug */,
				95EB7AB21AE777F90066369B /* Release */,
			);
			defaultConfigurationIsVisible = 0;
			defaultConfigurationName = Release;
		};
/* End XCConfigurationList section */
	};
	rootObject = 29B97313FDCFA39411CA2CEA /* Project object */;
}
