<?xml version="1.0" encoding="UTF-8"?>
<!DOCTYPE plist PUBLIC "-//Apple//DTD PLIST 1.0//EN" "http://www.apple.com/DTDs/PropertyList-1.0.dtd">
<plist version="1.0">
<dict>
	<key>archiveVersion</key>
	<string>1</string>
	<key>classes</key>
	<dict/>
	<key>objectVersion</key>
	<string>46</string>
	<key>objects</key>
	<dict>
		<key>080E96DDFE201D6D7F000001</key>
		<dict>
			<key>children</key>
			<array>
				<string>95527CE219741A540092C744</string>
				<string>950ED26F1976AA8900BAC239</string>
				<string>959CEEA9197140FC00A433C0</string>
				<string>959CEEAA197140FC00A433C0</string>
				<string>950ED2741976AC0600BAC239</string>
				<string>950ED2751976AC1A00BAC239</string>
				<string>950ED2761976AC2100BAC239</string>
			</array>
			<key>isa</key>
			<string>PBXGroup</string>
			<key>name</key>
			<string>Classes</string>
			<key>sourceTree</key>
			<string>&lt;group&gt;</string>
		</dict>
		<key>089C165CFE840E0CC02AAC07</key>
		<dict>
			<key>children</key>
			<array>
				<string>089C165DFE840E0CC02AAC07</string>
				<string>F5DF00D801EC02150120C6FA</string>
				<string>F5230A6E028CE07101D970AB</string>
				<string>F52C8EEB02C5606B01250A50</string>
				<string>F505F4EC0300C29D01E3DC1E</string>
				<string>95EDCC8B062C4393007229A3</string>
				<string>95833CDF06ED8C2D00238761</string>
				<string>95852A801119CDA400B54346</string>
				<string>95773339197939B70008E1A4</string>
				<string>95955DF91A041F1100165C3E</string>
			</array>
			<key>isa</key>
			<string>PBXVariantGroup</string>
			<key>name</key>
			<string>InfoPlist.strings</string>
			<key>sourceTree</key>
			<string>&lt;group&gt;</string>
		</dict>
		<key>089C165DFE840E0CC02AAC07</key>
		<dict>
			<key>fileEncoding</key>
			<string>10</string>
			<key>isa</key>
			<string>PBXFileReference</string>
			<key>lastKnownFileType</key>
			<string>text.plist.strings</string>
			<key>lineEnding</key>
			<string>0</string>
			<key>name</key>
			<string>English</string>
			<key>path</key>
			<string>en.lproj/InfoPlist.strings</string>
			<key>sourceTree</key>
			<string>&lt;group&gt;</string>
			<key>xcLanguageSpecificationIdentifier</key>
			<string>xcode.lang.simpleColoring</string>
		</dict>
		<key>1233A61032F78CA7A4EF7499</key>
		<dict>
			<key>fileRef</key>
			<string>737608D2B4E4A1DD6EEB1526</string>
			<key>isa</key>
			<string>PBXBuildFile</string>
		</dict>
		<key>18558DCCEBF1A087C36B16BE</key>
		<dict>
			<key>includeInIndex</key>
			<string>1</string>
			<key>isa</key>
			<string>PBXFileReference</string>
			<key>lastKnownFileType</key>
			<string>text.xcconfig</string>
			<key>name</key>
			<string>Pods.release.xcconfig</string>
			<key>path</key>
			<string>Pods/Target Support Files/Pods/Pods.release.xcconfig</string>
			<key>sourceTree</key>
			<string>&lt;group&gt;</string>
		</dict>
		<key>19C28FACFE9D520D11CA2CBB</key>
		<dict>
			<key>children</key>
			<array>
				<string>95A130430608F93000D8E30C</string>
				<string>95C3C9600610144300D417BC</string>
			</array>
			<key>isa</key>
			<string>PBXGroup</string>
			<key>name</key>
			<string>Products</string>
			<key>sourceTree</key>
			<string>&lt;group&gt;</string>
		</dict>
		<key>29B97313FDCFA39411CA2CEA</key>
		<dict>
			<key>attributes</key>
			<dict>
				<key>BuildIndependentTargetsInParallel</key>
				<string>YES</string>
				<key>LastUpgradeCheck</key>
				<string>0600</string>
				<key>TargetAttributes</key>
				<dict>
					<key>95A130250608F92F00D8E30C</key>
					<dict>
						<key>DevelopmentTeam</key>
						<string>4N2G277B4M</string>
					</dict>
				</dict>
			</dict>
			<key>buildConfigurationList</key>
			<string>95AAF5680856C2DC007CEE36</string>
			<key>compatibilityVersion</key>
			<string>Xcode 3.2</string>
			<key>developmentRegion</key>
			<string>English</string>
			<key>hasScannedForEncodings</key>
			<string>1</string>
			<key>isa</key>
			<string>PBXProject</string>
			<key>knownRegions</key>
			<array>
				<string>en</string>
				<string>el</string>
				<string>Base</string>
				<string>de</string>
				<string>fr</string>
				<string>sv</string>
				<string>pl</string>
				<string>it</string>
				<string>es</string>
				<string>ja</string>
				<string>hr</string>
			</array>
			<key>mainGroup</key>
			<string>29B97314FDCFA39411CA2CEA</string>
			<key>projectDirPath</key>
			<string></string>
			<key>projectReferences</key>
			<array/>
			<key>projectRoot</key>
			<string></string>
			<key>targets</key>
			<array>
				<string>95A130250608F92F00D8E30C</string>
				<string>95C3C95F0610144300D417BC</string>
			</array>
		</dict>
		<key>29B97314FDCFA39411CA2CEA</key>
		<dict>
			<key>children</key>
			<array>
				<string>080E96DDFE201D6D7F000001</string>
				<string>29B97315FDCFA39411CA2CEA</string>
				<string>29B97317FDCFA39411CA2CEA</string>
				<string>29B97323FDCFA39411CA2CEA</string>
				<string>19C28FACFE9D520D11CA2CBB</string>
				<string>9514C8DBFE8DD91BB3E80134</string>
			</array>
			<key>isa</key>
			<string>PBXGroup</string>
			<key>name</key>
			<string>Monolingual</string>
			<key>sourceTree</key>
			<string>&lt;group&gt;</string>
			<key>usesTabs</key>
			<string>1</string>
		</dict>
		<key>29B97315FDCFA39411CA2CEA</key>
		<dict>
			<key>children</key>
			<array>
				<string>95283992197402B3002D995E</string>
				<string>9528399419740300002D995E</string>
				<string>95BC963D0991F2C9001DEF94</string>
				<string>95BC989F099228D5001DEF94</string>
				<string>95D7A8AC098D42F800DCE08D</string>
			</array>
			<key>isa</key>
			<string>PBXGroup</string>
			<key>name</key>
			<string>Other Sources</string>
			<key>sourceTree</key>
			<string>&lt;group&gt;</string>
		</dict>
		<key>29B97317FDCFA39411CA2CEA</key>
		<dict>
			<key>children</key>
			<array>
				<string>95A74F38197410EF005D3792</string>
				<string>95B9D1801769CF3A0072A7E0</string>
				<string>9539D83711453596007E698C</string>
				<string>95F7771C0ECC2644009C621B</string>
				<string>95E8634115D81004004EF9ED</string>
				<string>95D7A921098D48B700DCE08D</string>
				<string>95EDCC87062C4264007229A3</string>
				<string>9558F813061598BA00F6DE23</string>
				<string>9558F814061598BA00F6DE23</string>
				<string>F51C1B3401F29B1C0120C6FA</string>
				<string>089C165CFE840E0CC02AAC07</string>
				<string>95A130420608F92F00D8E30C</string>
				<string>F5A6E37F01A07759016596AB</string>
				<string>9558F78F0615953200F6DE23</string>
				<string>9589976715CAB932008A2593</string>
				<string>9589976D15CABA80008A2593</string>
			</array>
			<key>isa</key>
			<string>PBXGroup</string>
			<key>name</key>
			<string>Resources</string>
			<key>sourceTree</key>
			<string>&lt;group&gt;</string>
		</dict>
		<key>29B97323FDCFA39411CA2CEA</key>
		<dict>
			<key>children</key>
			<array>
				<string>951F1BBC198837EA0025CF86</string>
				<string>737608D2B4E4A1DD6EEB1526</string>
			</array>
			<key>isa</key>
			<string>PBXGroup</string>
			<key>name</key>
			<string>Frameworks</string>
			<key>sourceTree</key>
			<string>&lt;group&gt;</string>
		</dict>
		<key>2BCD7FCA097D043900FE7723</key>
		<dict>
			<key>isa</key>
			<string>PBXFileReference</string>
			<key>lastKnownFileType</key>
			<string>text.html</string>
			<key>name</key>
			<string>Italian</string>
			<key>path</key>
			<string>it.lproj/Credits.html</string>
			<key>sourceTree</key>
			<string>&lt;group&gt;</string>
		</dict>
		<key>4D986CCA1CE54FF0928BFF0E</key>
		<dict>
			<key>buildActionMask</key>
			<string>2147483647</string>
			<key>files</key>
			<array/>
			<key>inputPaths</key>
			<array/>
			<key>isa</key>
			<string>PBXShellScriptBuildPhase</string>
			<key>name</key>
			<string>Check Pods Manifest.lock</string>
			<key>outputPaths</key>
			<array/>
			<key>runOnlyForDeploymentPostprocessing</key>
			<string>0</string>
			<key>shellPath</key>
			<string>/bin/sh</string>
			<key>shellScript</key>
			<string>diff "${PODS_ROOT}/../Podfile.lock" "${PODS_ROOT}/Manifest.lock" &gt; /dev/null
if [[ $? != 0 ]] ; then
    cat &lt;&lt; EOM
error: The sandbox is not in sync with the Podfile.lock. Run 'pod install' or update your CocoaPods installation.
EOM
    exit 1
fi
</string>
			<key>showEnvVarsInLog</key>
			<string>0</string>
		</dict>
		<key>737608D2B4E4A1DD6EEB1526</key>
		<dict>
			<key>explicitFileType</key>
			<string>archive.ar</string>
			<key>includeInIndex</key>
			<string>0</string>
			<key>isa</key>
			<string>PBXFileReference</string>
			<key>path</key>
			<string>libPods.a</string>
			<key>sourceTree</key>
			<string>BUILT_PRODUCTS_DIR</string>
		</dict>
		<key>84310EE5368FDEA8BE78046E</key>
		<dict>
			<key>includeInIndex</key>
			<string>1</string>
			<key>isa</key>
			<string>PBXFileReference</string>
			<key>lastKnownFileType</key>
			<string>text.xcconfig</string>
			<key>name</key>
			<string>Pods.debug.xcconfig</string>
			<key>path</key>
			<string>Pods/Target Support Files/Pods/Pods.debug.xcconfig</string>
			<key>sourceTree</key>
			<string>&lt;group&gt;</string>
		</dict>
		<key>950ED26B1976AA6400BAC239</key>
		<dict>
			<key>fileEncoding</key>
			<string>4</string>
			<key>isa</key>
			<string>PBXFileReference</string>
			<key>lastKnownFileType</key>
			<string>sourcecode.swift</string>
			<key>path</key>
			<string>LanguageSetting.swift</string>
			<key>sourceTree</key>
			<string>&lt;group&gt;</string>
		</dict>
		<key>950ED26C1976AA6400BAC239</key>
		<dict>
			<key>fileRef</key>
			<string>950ED26B1976AA6400BAC239</string>
			<key>isa</key>
			<string>PBXBuildFile</string>
		</dict>
		<key>950ED26D1976AA6D00BAC239</key>
		<dict>
			<key>fileEncoding</key>
			<string>4</string>
			<key>isa</key>
			<string>PBXFileReference</string>
			<key>lastKnownFileType</key>
			<string>sourcecode.swift</string>
			<key>path</key>
			<string>BlacklistEntry.swift</string>
			<key>sourceTree</key>
			<string>&lt;group&gt;</string>
		</dict>
		<key>950ED26E1976AA6D00BAC239</key>
		<dict>
			<key>fileRef</key>
			<string>950ED26D1976AA6D00BAC239</string>
			<key>isa</key>
			<string>PBXBuildFile</string>
		</dict>
		<key>950ED26F1976AA8900BAC239</key>
		<dict>
			<key>children</key>
			<array>
				<string>950ED2701976AA9D00BAC239</string>
				<string>950ED26D1976AA6D00BAC239</string>
				<string>950ED26B1976AA6400BAC239</string>
				<string>950ED2721976AAB600BAC239</string>
				<string>9572AB161977E8E5002E4AF4</string>
			</array>
			<key>isa</key>
			<string>PBXGroup</string>
			<key>name</key>
			<string>Model</string>
			<key>sourceTree</key>
			<string>&lt;group&gt;</string>
		</dict>
		<key>950ED2701976AA9D00BAC239</key>
		<dict>
			<key>fileEncoding</key>
			<string>4</string>
			<key>isa</key>
			<string>PBXFileReference</string>
			<key>lastKnownFileType</key>
			<string>sourcecode.swift</string>
			<key>path</key>
			<string>ArchitectureSetting.swift</string>
			<key>sourceTree</key>
			<string>&lt;group&gt;</string>
		</dict>
		<key>950ED2711976AA9D00BAC239</key>
		<dict>
			<key>fileRef</key>
			<string>950ED2701976AA9D00BAC239</string>
			<key>isa</key>
			<string>PBXBuildFile</string>
		</dict>
		<key>950ED2721976AAB600BAC239</key>
		<dict>
			<key>fileEncoding</key>
			<string>4</string>
			<key>isa</key>
			<string>PBXFileReference</string>
			<key>lastKnownFileType</key>
			<string>sourcecode.swift</string>
			<key>path</key>
			<string>Root.swift</string>
			<key>sourceTree</key>
			<string>&lt;group&gt;</string>
		</dict>
		<key>950ED2731976AAB600BAC239</key>
		<dict>
			<key>fileRef</key>
			<string>950ED2721976AAB600BAC239</string>
			<key>isa</key>
			<string>PBXBuildFile</string>
		</dict>
		<key>950ED2741976AC0600BAC239</key>
		<dict>
			<key>children</key>
			<array>
				<string>95527CE419741A930092C744</string>
				<string>95D8DBEB197CE6D400AE8CAE</string>
			</array>
			<key>isa</key>
			<string>PBXGroup</string>
			<key>name</key>
			<string>Util</string>
			<key>sourceTree</key>
			<string>&lt;group&gt;</string>
		</dict>
		<key>950ED2751976AC1A00BAC239</key>
		<dict>
			<key>children</key>
			<array>
				<string>959CEEE11972F29B00A433C0</string>
				<string>959CEEDB19714E0500A433C0</string>
				<string>959CEEDC19714E0500A433C0</string>
			</array>
			<key>isa</key>
			<string>PBXGroup</string>
			<key>name</key>
			<string>ViewControllers</string>
			<key>sourceTree</key>
			<string>&lt;group&gt;</string>
		</dict>
		<key>950ED2761976AC2100BAC239</key>
		<dict>
			<key>children</key>
			<array>
				<string>959CEED919714E0500A433C0</string>
			</array>
			<key>isa</key>
			<string>PBXGroup</string>
			<key>name</key>
			<string>Views</string>
			<key>sourceTree</key>
			<string>&lt;group&gt;</string>
		</dict>
		<key>9514C8DBFE8DD91BB3E80134</key>
		<dict>
			<key>children</key>
			<array>
				<string>84310EE5368FDEA8BE78046E</string>
				<string>99364D33D1AC3B7485A9E0BD</string>
				<string>18558DCCEBF1A087C36B16BE</string>
			</array>
			<key>isa</key>
			<string>PBXGroup</string>
			<key>name</key>
			<string>Pods</string>
			<key>sourceTree</key>
			<string>&lt;group&gt;</string>
		</dict>
		<key>951F1BBC198837EA0025CF86</key>
		<dict>
			<key>explicitFileType</key>
			<string>wrapper.framework</string>
			<key>isa</key>
			<string>PBXFileReference</string>
			<key>path</key>
			<string>Set.framework</string>
			<key>sourceTree</key>
			<string>BUILT_PRODUCTS_DIR</string>
		</dict>
		<key>95283992197402B3002D995E</key>
		<dict>
			<key>fileEncoding</key>
			<string>4</string>
			<key>isa</key>
			<string>PBXFileReference</string>
			<key>lastKnownFileType</key>
			<string>sourcecode.c.objc</string>
			<key>path</key>
			<string>compat.m</string>
			<key>sourceTree</key>
			<string>&lt;group&gt;</string>
		</dict>
		<key>95283993197402B3002D995E</key>
		<dict>
			<key>fileRef</key>
			<string>95283992197402B3002D995E</string>
			<key>isa</key>
			<string>PBXBuildFile</string>
		</dict>
		<key>9528399419740300002D995E</key>
		<dict>
			<key>isa</key>
			<string>PBXFileReference</string>
			<key>lastKnownFileType</key>
			<string>sourcecode.c.h</string>
			<key>path</key>
			<string>compat.h</string>
			<key>sourceTree</key>
			<string>&lt;group&gt;</string>
		</dict>
		<key>9539D83711453596007E698C</key>
		<dict>
			<key>isa</key>
			<string>PBXFileReference</string>
			<key>lastKnownFileType</key>
			<string>file.bplist</string>
			<key>path</key>
			<string>blacklist.plist</string>
			<key>sourceTree</key>
			<string>&lt;group&gt;</string>
		</dict>
		<key>9539D83811453596007E698C</key>
		<dict>
			<key>fileRef</key>
			<string>9539D83711453596007E698C</string>
			<key>isa</key>
			<string>PBXBuildFile</string>
		</dict>
		<key>95527CE219741A540092C744</key>
		<dict>
			<key>fileEncoding</key>
			<string>4</string>
			<key>isa</key>
			<string>PBXFileReference</string>
			<key>lastKnownFileType</key>
			<string>sourcecode.swift</string>
			<key>path</key>
			<string>AppDelegate.swift</string>
			<key>sourceTree</key>
			<string>&lt;group&gt;</string>
		</dict>
		<key>95527CE319741A540092C744</key>
		<dict>
			<key>fileRef</key>
			<string>95527CE219741A540092C744</string>
			<key>isa</key>
			<string>PBXBuildFile</string>
		</dict>
		<key>95527CE419741A930092C744</key>
		<dict>
			<key>fileEncoding</key>
			<string>4</string>
			<key>isa</key>
			<string>PBXFileReference</string>
			<key>lastKnownFileType</key>
			<string>sourcecode.swift</string>
			<key>path</key>
			<string>Log.swift</string>
			<key>sourceTree</key>
			<string>&lt;group&gt;</string>
		</dict>
		<key>95527CE519741A930092C744</key>
		<dict>
			<key>fileRef</key>
			<string>95527CE419741A930092C744</string>
			<key>isa</key>
			<string>PBXBuildFile</string>
		</dict>
		<key>9558F78F0615953200F6DE23</key>
		<dict>
			<key>children</key>
			<array>
				<string>95F508FD098CC8DF009FD7EC</string>
				<string>9558F7940615953D00F6DE23</string>
				<string>2BCD7FCA097D043900FE7723</string>
				<string>95852A7F1119CDA400B54346</string>
				<string>95A75A8118FC6C8100BD2E36</string>
				<string>95955DF81A041F1100165C3E</string>
			</array>
			<key>isa</key>
			<string>PBXVariantGroup</string>
			<key>name</key>
			<string>Credits.html</string>
			<key>sourceTree</key>
			<string>&lt;group&gt;</string>
		</dict>
		<key>9558F7900615953200F6DE23</key>
		<dict>
			<key>fileRef</key>
			<string>9558F78F0615953200F6DE23</string>
			<key>isa</key>
			<string>PBXBuildFile</string>
		</dict>
		<key>9558F7940615953D00F6DE23</key>
		<dict>
			<key>isa</key>
			<string>PBXFileReference</string>
			<key>lastKnownFileType</key>
			<string>text.html</string>
			<key>name</key>
			<string>German</string>
			<key>path</key>
			<string>de.lproj/Credits.html</string>
			<key>sourceTree</key>
			<string>&lt;group&gt;</string>
		</dict>
		<key>9558F813061598BA00F6DE23</key>
		<dict>
			<key>isa</key>
			<string>PBXFileReference</string>
			<key>lastKnownFileType</key>
			<string>wrapper.rtfd</string>
			<key>path</key>
			<string>Lies-mich.rtfd</string>
			<key>sourceTree</key>
			<string>&lt;group&gt;</string>
		</dict>
		<key>9558F814061598BA00F6DE23</key>
		<dict>
			<key>isa</key>
			<string>PBXFileReference</string>
			<key>lastKnownFileType</key>
			<string>wrapper.rtfd</string>
			<key>path</key>
			<string>README.rtfd</string>
			<key>sourceTree</key>
			<string>&lt;group&gt;</string>
		</dict>
		<key>9558F815061598BA00F6DE23</key>
		<dict>
			<key>fileRef</key>
			<string>9558F813061598BA00F6DE23</string>
			<key>isa</key>
			<string>PBXBuildFile</string>
		</dict>
		<key>9558F816061598BA00F6DE23</key>
		<dict>
			<key>fileRef</key>
			<string>9558F814061598BA00F6DE23</string>
			<key>isa</key>
			<string>PBXBuildFile</string>
		</dict>
		<key>9558F83006159B4C00F6DE23</key>
		<dict>
			<key>fileRef</key>
			<string>F5A6E37F01A07759016596AB</string>
			<key>isa</key>
			<string>PBXBuildFile</string>
		</dict>
		<key>9572AB161977E8E5002E4AF4</key>
		<dict>
			<key>fileEncoding</key>
			<string>4</string>
			<key>isa</key>
			<string>PBXFileReference</string>
			<key>lastKnownFileType</key>
			<string>sourcecode.swift</string>
			<key>path</key>
			<string>Setting.swift</string>
			<key>sourceTree</key>
			<string>&lt;group&gt;</string>
		</dict>
		<key>9572AB171977E8E5002E4AF4</key>
		<dict>
			<key>fileRef</key>
			<string>9572AB161977E8E5002E4AF4</string>
			<key>isa</key>
			<string>PBXBuildFile</string>
		</dict>
		<key>95773339197939B70008E1A4</key>
		<dict>
			<key>fileEncoding</key>
			<string>10</string>
			<key>isa</key>
			<string>PBXFileReference</string>
			<key>lastKnownFileType</key>
			<string>text.plist.strings</string>
			<key>lineEnding</key>
			<string>0</string>
			<key>name</key>
			<string>el</string>
			<key>path</key>
			<string>el.lproj/InfoPlist.strings</string>
			<key>sourceTree</key>
			<string>&lt;group&gt;</string>
			<key>xcLanguageSpecificationIdentifier</key>
			<string>xcode.lang.simpleColoring</string>
		</dict>
		<key>95833CDF06ED8C2D00238761</key>
		<dict>
			<key>fileEncoding</key>
			<string>10</string>
			<key>isa</key>
			<string>PBXFileReference</string>
			<key>lastKnownFileType</key>
			<string>text.plist.strings</string>
			<key>lineEnding</key>
			<string>0</string>
			<key>name</key>
			<string>Italian</string>
			<key>path</key>
			<string>it.lproj/InfoPlist.strings</string>
			<key>sourceTree</key>
			<string>&lt;group&gt;</string>
			<key>xcLanguageSpecificationIdentifier</key>
			<string>xcode.lang.simpleColoring</string>
		</dict>
		<key>95852A7D1119CD8F00B54346</key>
		<dict>
			<key>fileEncoding</key>
			<string>10</string>
			<key>isa</key>
			<string>PBXFileReference</string>
			<key>lastKnownFileType</key>
			<string>text.plist.strings</string>
			<key>lineEnding</key>
			<string>0</string>
			<key>name</key>
			<string>Spanish</string>
			<key>path</key>
			<string>es.lproj/Localizable.strings</string>
			<key>sourceTree</key>
			<string>&lt;group&gt;</string>
		</dict>
		<key>95852A7F1119CDA400B54346</key>
		<dict>
			<key>isa</key>
			<string>PBXFileReference</string>
			<key>lastKnownFileType</key>
			<string>text.html</string>
			<key>name</key>
			<string>Spanish</string>
			<key>path</key>
			<string>es.lproj/Credits.html</string>
			<key>sourceTree</key>
			<string>&lt;group&gt;</string>
		</dict>
		<key>95852A801119CDA400B54346</key>
		<dict>
			<key>fileEncoding</key>
			<string>10</string>
			<key>isa</key>
			<string>PBXFileReference</string>
			<key>lastKnownFileType</key>
			<string>text.plist.strings</string>
			<key>lineEnding</key>
			<string>0</string>
			<key>name</key>
			<string>Spanish</string>
			<key>path</key>
			<string>es.lproj/InfoPlist.strings</string>
			<key>sourceTree</key>
			<string>&lt;group&gt;</string>
			<key>xcLanguageSpecificationIdentifier</key>
			<string>xcode.lang.simpleColoring</string>
		</dict>
		<key>9589976715CAB932008A2593</key>
		<dict>
			<key>fileEncoding</key>
			<string>4</string>
			<key>isa</key>
			<string>PBXFileReference</string>
			<key>lastKnownFileType</key>
			<string>text.plist.xml</string>
			<key>path</key>
			<string>MonolingualHelper-launchd.plist</string>
			<key>sourceTree</key>
			<string>&lt;group&gt;</string>
		</dict>
		<key>9589976D15CABA80008A2593</key>
		<dict>
			<key>fileEncoding</key>
			<string>4</string>
			<key>isa</key>
			<string>PBXFileReference</string>
			<key>lastKnownFileType</key>
			<string>text.plist.xml</string>
			<key>path</key>
			<string>MonolingualHelper-Info.plist</string>
			<key>sourceTree</key>
			<string>&lt;group&gt;</string>
		</dict>
		<key>959518FF07E48C1F004A4471</key>
		<dict>
			<key>buildActionMask</key>
			<string>2147483647</string>
			<key>dstPath</key>
			<string></string>
			<key>dstSubfolderSpec</key>
			<string>10</string>
			<key>files</key>
			<array/>
			<key>isa</key>
			<string>PBXCopyFilesBuildPhase</string>
			<key>name</key>
			<string>Copy Embedded Frameworks</string>
			<key>runOnlyForDeploymentPostprocessing</key>
			<string>0</string>
		</dict>
		<key>95955DF81A041F1100165C3E</key>
		<dict>
			<key>isa</key>
			<string>PBXFileReference</string>
			<key>lastKnownFileType</key>
			<string>text.html</string>
			<key>name</key>
			<string>hr</string>
			<key>path</key>
			<string>hr.lproj/Credits.html</string>
			<key>sourceTree</key>
			<string>&lt;group&gt;</string>
		</dict>
		<key>95955DF91A041F1100165C3E</key>
		<dict>
			<key>fileEncoding</key>
			<string>10</string>
			<key>isa</key>
			<string>PBXFileReference</string>
			<key>lastKnownFileType</key>
			<string>text.plist.strings</string>
			<key>lineEnding</key>
			<string>0</string>
			<key>name</key>
			<string>hr</string>
			<key>path</key>
			<string>hr.lproj/InfoPlist.strings</string>
			<key>sourceTree</key>
			<string>&lt;group&gt;</string>
			<key>xcLanguageSpecificationIdentifier</key>
			<string>xcode.lang.simpleColoring</string>
		</dict>
		<key>95955DFA1A041F1100165C3E</key>
		<dict>
			<key>fileEncoding</key>
			<string>10</string>
			<key>isa</key>
			<string>PBXFileReference</string>
			<key>lastKnownFileType</key>
			<string>text.plist.strings</string>
			<key>lineEnding</key>
			<string>0</string>
			<key>name</key>
			<string>hr</string>
			<key>path</key>
			<string>hr.lproj/Localizable.strings</string>
			<key>sourceTree</key>
			<string>&lt;group&gt;</string>
		</dict>
		<key>95955DFE1A041F3300165C3E</key>
		<dict>
			<key>isa</key>
			<string>PBXFileReference</string>
			<key>lastKnownFileType</key>
			<string>text.plist.strings</string>
			<key>name</key>
			<string>hr</string>
			<key>path</key>
			<string>hr.lproj/Main.strings</string>
			<key>sourceTree</key>
			<string>&lt;group&gt;</string>
		</dict>
		<key>959CEEA9197140FC00A433C0</key>
		<dict>
			<key>isa</key>
			<string>PBXFileReference</string>
			<key>lastKnownFileType</key>
			<string>sourcecode.c.h</string>
			<key>path</key>
			<string>Monolingual-Bridging-Header.h</string>
			<key>sourceTree</key>
			<string>&lt;group&gt;</string>
		</dict>
		<key>959CEEAA197140FC00A433C0</key>
		<dict>
			<key>fileEncoding</key>
			<string>4</string>
			<key>isa</key>
			<string>PBXFileReference</string>
			<key>lastKnownFileType</key>
			<string>sourcecode.swift</string>
			<key>path</key>
			<string>MonolingualHelperClient.swift</string>
			<key>sourceTree</key>
			<string>&lt;group&gt;</string>
		</dict>
		<key>959CEEAB197140FC00A433C0</key>
		<dict>
			<key>fileRef</key>
			<string>959CEEAA197140FC00A433C0</string>
			<key>isa</key>
			<string>PBXBuildFile</string>
		</dict>
		<key>959CEED919714E0500A433C0</key>
		<dict>
			<key>fileEncoding</key>
			<string>4</string>
			<key>isa</key>
			<string>PBXFileReference</string>
			<key>lastKnownFileType</key>
			<string>sourcecode.swift</string>
			<key>path</key>
			<string>ISTableView.swift</string>
			<key>sourceTree</key>
			<string>&lt;group&gt;</string>
		</dict>
		<key>959CEEDB19714E0500A433C0</key>
		<dict>
			<key>fileEncoding</key>
			<string>4</string>
			<key>isa</key>
			<string>PBXFileReference</string>
			<key>lastKnownFileType</key>
			<string>sourcecode.swift</string>
			<key>path</key>
			<string>PreferencesViewController.swift</string>
			<key>sourceTree</key>
			<string>&lt;group&gt;</string>
		</dict>
		<key>959CEEDC19714E0500A433C0</key>
		<dict>
			<key>fileEncoding</key>
			<string>4</string>
			<key>isa</key>
			<string>PBXFileReference</string>
			<key>lastKnownFileType</key>
			<string>sourcecode.swift</string>
			<key>path</key>
			<string>ProgressViewController.swift</string>
			<key>sourceTree</key>
			<string>&lt;group&gt;</string>
		</dict>
		<key>959CEEDD19714E0500A433C0</key>
		<dict>
			<key>fileRef</key>
			<string>959CEED919714E0500A433C0</string>
			<key>isa</key>
			<string>PBXBuildFile</string>
		</dict>
		<key>959CEEDF19714E0500A433C0</key>
		<dict>
			<key>fileRef</key>
			<string>959CEEDB19714E0500A433C0</string>
			<key>isa</key>
			<string>PBXBuildFile</string>
		</dict>
		<key>959CEEE019714E0500A433C0</key>
		<dict>
			<key>fileRef</key>
			<string>959CEEDC19714E0500A433C0</string>
			<key>isa</key>
			<string>PBXBuildFile</string>
		</dict>
		<key>959CEEE11972F29B00A433C0</key>
		<dict>
			<key>fileEncoding</key>
			<string>4</string>
			<key>isa</key>
			<string>PBXFileReference</string>
			<key>lastKnownFileType</key>
			<string>sourcecode.swift</string>
			<key>path</key>
			<string>MainViewController.swift</string>
			<key>sourceTree</key>
			<string>&lt;group&gt;</string>
		</dict>
		<key>959CEEE21972F29B00A433C0</key>
		<dict>
			<key>fileRef</key>
			<string>959CEEE11972F29B00A433C0</string>
			<key>isa</key>
			<string>PBXBuildFile</string>
		</dict>
		<key>95A130250608F92F00D8E30C</key>
		<dict>
			<key>buildConfigurationList</key>
			<string>95AAF5640856C2DC007CEE36</string>
			<key>buildPhases</key>
			<array>
				<string>4D986CCA1CE54FF0928BFF0E</string>
				<string>959518FF07E48C1F004A4471</string>
				<string>95A1302C0608F92F00D8E30C</string>
				<string>95A130370608F92F00D8E30C</string>
				<string>95A1303E0608F92F00D8E30C</string>
				<string>95A501FC113F8933008EE4DB</string>
				<string>95C3AA3615CC315C0017352A</string>
				<string>BBAA88227DBF43E0B7EEA1E5</string>
				<string>95B9D1821769D1E80072A7E0</string>
			</array>
			<key>buildRules</key>
			<array/>
			<key>dependencies</key>
			<array>
				<string>95E7A46E06115DA5009E5926</string>
			</array>
			<key>isa</key>
			<string>PBXNativeTarget</string>
			<key>name</key>
			<string>Monolingual</string>
			<key>productName</key>
			<string>Monolingual</string>
			<key>productReference</key>
			<string>95A130430608F93000D8E30C</string>
			<key>productType</key>
			<string>com.apple.product-type.application</string>
		</dict>
		<key>95A1302C0608F92F00D8E30C</key>
		<dict>
			<key>buildActionMask</key>
			<string>2147483647</string>
			<key>files</key>
			<array>
				<string>9558F83006159B4C00F6DE23</string>
				<string>9558F815061598BA00F6DE23</string>
				<string>95B9D1811769CF3A0072A7E0</string>
				<string>9558F816061598BA00F6DE23</string>
				<string>95A1302E0608F92F00D8E30C</string>
				<string>95A75A8218FC6C8100BD2E36</string>
				<string>95A130360608F92F00D8E30C</string>
				<string>95A74F3A197410EF005D3792</string>
				<string>9558F7900615953200F6DE23</string>
				<string>95EDCC88062C4264007229A3</string>
				<string>95D7A922098D48B700DCE08D</string>
				<string>95F7771D0ECC2644009C621B</string>
				<string>9539D83811453596007E698C</string>
			</array>
			<key>isa</key>
			<string>PBXResourcesBuildPhase</string>
			<key>runOnlyForDeploymentPostprocessing</key>
			<string>0</string>
		</dict>
		<key>95A1302E0608F92F00D8E30C</key>
		<dict>
			<key>fileRef</key>
			<string>089C165CFE840E0CC02AAC07</string>
			<key>isa</key>
			<string>PBXBuildFile</string>
		</dict>
		<key>95A130360608F92F00D8E30C</key>
		<dict>
			<key>fileRef</key>
			<string>F51C1B3401F29B1C0120C6FA</string>
			<key>isa</key>
			<string>PBXBuildFile</string>
		</dict>
		<key>95A130370608F92F00D8E30C</key>
		<dict>
			<key>buildActionMask</key>
			<string>2147483647</string>
			<key>files</key>
			<array>
				<string>959CEEDF19714E0500A433C0</string>
				<string>950ED26E1976AA6D00BAC239</string>
				<string>950ED2711976AA9D00BAC239</string>
				<string>95283993197402B3002D995E</string>
				<string>9572AB171977E8E5002E4AF4</string>
				<string>950ED26C1976AA6400BAC239</string>
				<string>95527CE519741A930092C744</string>
				<string>959CEEAB197140FC00A433C0</string>
				<string>95527CE319741A540092C744</string>
				<string>950ED2731976AAB600BAC239</string>
				<string>959CEEE21972F29B00A433C0</string>
				<string>95D8DBEC197CE6D400AE8CAE</string>
				<string>959CEEE019714E0500A433C0</string>
				<string>959CEEDD19714E0500A433C0</string>
			</array>
			<key>isa</key>
			<string>PBXSourcesBuildPhase</string>
			<key>runOnlyForDeploymentPostprocessing</key>
			<string>0</string>
		</dict>
		<key>95A1303E0608F92F00D8E30C</key>
		<dict>
			<key>buildActionMask</key>
			<string>2147483647</string>
			<key>files</key>
			<array>
				<string>1233A61032F78CA7A4EF7499</string>
			</array>
			<key>isa</key>
			<string>PBXFrameworksBuildPhase</string>
			<key>runOnlyForDeploymentPostprocessing</key>
			<string>0</string>
		</dict>
		<key>95A130420608F92F00D8E30C</key>
		<dict>
			<key>fileEncoding</key>
			<string>4</string>
			<key>isa</key>
			<string>PBXFileReference</string>
			<key>lastKnownFileType</key>
			<string>text.plist.xml</string>
			<key>path</key>
			<string>Info.plist</string>
			<key>sourceTree</key>
			<string>&lt;group&gt;</string>
		</dict>
		<key>95A130430608F93000D8E30C</key>
		<dict>
			<key>explicitFileType</key>
			<string>wrapper.application</string>
			<key>includeInIndex</key>
			<string>0</string>
			<key>isa</key>
			<string>PBXFileReference</string>
			<key>path</key>
			<string>Monolingual.app</string>
			<key>sourceTree</key>
			<string>BUILT_PRODUCTS_DIR</string>
		</dict>
		<key>95A501FC113F8933008EE4DB</key>
		<dict>
			<key>buildActionMask</key>
			<string>2147483647</string>
			<key>files</key>
			<array/>
			<key>inputPaths</key>
			<array/>
			<key>isa</key>
			<string>PBXShellScriptBuildPhase</string>
			<key>name</key>
			<string>Strip Embedded Frameworks</string>
			<key>outputPaths</key>
			<array/>
			<key>runOnlyForDeploymentPostprocessing</key>
			<string>0</string>
			<key>shellPath</key>
			<string>/bin/sh</string>
			<key>shellScript</key>
			<string>echo "*** stripping header files from frameworks ***"
find "${BUILT_PRODUCTS_DIR}/${FRAMEWORKS_FOLDER_PATH}" -type file -name "*.h" -delete
echo "*** removing .DS_Store files ***"
find "${BUILT_PRODUCTS_DIR}/${UNLOCALIZED_RESOURCES_FOLDER_PATH}" -type file -name ".DS_Store" -delete
echo "*** stripping IB files from NIBs ***"
find "${BUILT_PRODUCTS_DIR}/${UNLOCALIZED_RESOURCES_FOLDER_PATH}" -type file \( -name "classes.nib" -or -name "info.nib" -or -name "data.dependency" \) -delete
exit 0</string>
		</dict>
		<key>95A74F38197410EF005D3792</key>
		<dict>
			<key>children</key>
			<array>
				<string>95A74F39197410EF005D3792</string>
				<string>95FAA327197507E400C506EE</string>
				<string>95FAA329197507F500C506EE</string>
				<string>95FAA32B19752A5300C506EE</string>
				<string>95FAA32D19752A5D00C506EE</string>
				<string>95FAA32F19752A6300C506EE</string>
				<string>95FAA33119752A6700C506EE</string>
				<string>95FAA33319752A6B00C506EE</string>
				<string>95FAA33519752A7200C506EE</string>
				<string>95FAA33719752AA900C506EE</string>
				<string>95955DFE1A041F3300165C3E</string>
			</array>
			<key>isa</key>
			<string>PBXVariantGroup</string>
			<key>name</key>
			<string>Main.storyboard</string>
			<key>sourceTree</key>
			<string>&lt;group&gt;</string>
		</dict>
		<key>95A74F39197410EF005D3792</key>
		<dict>
			<key>isa</key>
			<string>PBXFileReference</string>
			<key>lastKnownFileType</key>
			<string>file.storyboard</string>
			<key>name</key>
			<string>Base</string>
			<key>path</key>
			<string>Base.lproj/Main.storyboard</string>
			<key>sourceTree</key>
			<string>&lt;group&gt;</string>
		</dict>
		<key>95A74F3A197410EF005D3792</key>
		<dict>
			<key>fileRef</key>
			<string>95A74F38197410EF005D3792</string>
			<key>isa</key>
			<string>PBXBuildFile</string>
		</dict>
		<key>95A75A8118FC6C8100BD2E36</key>
		<dict>
			<key>isa</key>
			<string>PBXFileReference</string>
			<key>lastKnownFileType</key>
			<string>text.html</string>
			<key>name</key>
			<string>el</string>
			<key>path</key>
			<string>el.lproj/Credits.html</string>
			<key>sourceTree</key>
			<string>&lt;group&gt;</string>
		</dict>
		<key>95A75A8218FC6C8100BD2E36</key>
		<dict>
			<key>fileRef</key>
			<string>9589976715CAB932008A2593</string>
			<key>isa</key>
			<string>PBXBuildFile</string>
		</dict>
		<key>95A75A8318FC6C9300BD2E36</key>
		<dict>
			<key>fileEncoding</key>
			<string>10</string>
			<key>isa</key>
			<string>PBXFileReference</string>
			<key>lastKnownFileType</key>
			<string>text.plist.strings</string>
			<key>lineEnding</key>
			<string>0</string>
			<key>name</key>
			<string>el</string>
			<key>path</key>
			<string>el.lproj/Localizable.strings</string>
			<key>sourceTree</key>
			<string>&lt;group&gt;</string>
		</dict>
		<key>95AAF5600856C2DC007CEE36</key>
		<dict>
			<key>buildConfigurations</key>
			<array>
				<string>95AAF5610856C2DC007CEE36</string>
				<string>95AAF5620856C2DC007CEE36</string>
			</array>
			<key>defaultConfigurationIsVisible</key>
			<string>0</string>
			<key>defaultConfigurationName</key>
			<string>Release</string>
			<key>isa</key>
			<string>XCConfigurationList</string>
		</dict>
		<key>95AAF5610856C2DC007CEE36</key>
		<dict>
			<key>buildSettings</key>
			<dict>
				<key>INFOPLIST_FILE</key>
				<string>MonolingualHelper-Info.plist</string>
				<key>INSTALL_PATH</key>
				<string>/usr/local/bin</string>
				<key>OTHER_LDFLAGS</key>
				<array>
					<string>-sectcreate</string>
					<string>__TEXT</string>
					<string>__info_plist</string>
					<string>MonolingualHelper-Info.plist</string>
					<string>-sectcreate</string>
					<string>__TEXT</string>
					<string>__launchd_plist</string>
					<string>MonolingualHelper-launchd.plist</string>
				</array>
				<key>PRODUCT_NAME</key>
				<string>net.sourceforge.MonolingualHelper</string>
				<key>WARNING_CFLAGS</key>
				<array>
					<string>-Weverything</string>
					<string>-Wno-cast-align</string>
					<string>-Wno-padded</string>
				</array>
			</dict>
			<key>isa</key>
			<string>XCBuildConfiguration</string>
			<key>name</key>
			<string>Debug</string>
		</dict>
		<key>95AAF5620856C2DC007CEE36</key>
		<dict>
			<key>buildSettings</key>
			<dict>
				<key>INFOPLIST_FILE</key>
				<string>MonolingualHelper-Info.plist</string>
				<key>INSTALL_PATH</key>
				<string>/usr/local/bin</string>
				<key>OTHER_LDFLAGS</key>
				<array>
					<string>-sectcreate</string>
					<string>__TEXT</string>
					<string>__info_plist</string>
					<string>MonolingualHelper-Info.plist</string>
					<string>-sectcreate</string>
					<string>__TEXT</string>
					<string>__launchd_plist</string>
					<string>MonolingualHelper-launchd.plist</string>
				</array>
				<key>PRODUCT_NAME</key>
				<string>net.sourceforge.MonolingualHelper</string>
				<key>WARNING_CFLAGS</key>
				<array>
					<string>-Weverything</string>
					<string>-Wno-cast-align</string>
					<string>-Wno-padded</string>
				</array>
			</dict>
			<key>isa</key>
			<string>XCBuildConfiguration</string>
			<key>name</key>
			<string>Release</string>
		</dict>
		<key>95AAF5640856C2DC007CEE36</key>
		<dict>
			<key>buildConfigurations</key>
			<array>
				<string>95AAF5650856C2DC007CEE36</string>
				<string>95AAF5660856C2DC007CEE36</string>
			</array>
			<key>defaultConfigurationIsVisible</key>
			<string>0</string>
			<key>defaultConfigurationName</key>
			<string>Release</string>
			<key>isa</key>
			<string>XCConfigurationList</string>
		</dict>
		<key>95AAF5650856C2DC007CEE36</key>
		<dict>
			<key>baseConfigurationReference</key>
			<string>84310EE5368FDEA8BE78046E</string>
			<key>buildSettings</key>
			<dict>
				<key>ASSETCATALOG_COMPILER_APPICON_NAME</key>
				<string>AppIcon</string>
				<key>CLANG_ENABLE_MODULES</key>
				<string>YES</string>
				<key>CLANG_ENABLE_OBJC_ARC</key>
				<string>YES</string>
				<key>CODE_SIGN_IDENTITY</key>
				<string>Developer ID Application</string>
				<key>COMBINE_HIDPI_IMAGES</key>
				<string>YES</string>
				<key>FRAMEWORK_SEARCH_PATHS</key>
				<array>
					<string>$(SRCROOT)</string>
					<string>$(FRAMEWORK_SEARCH_PATHS_QUOTED_FOR_TARGET_1)</string>
					<string>$(inherited)</string>
				</array>
				<key>INFOPLIST_FILE</key>
				<string>Info.plist</string>
				<key>LD_RUNPATH_SEARCH_PATHS</key>
				<string>$(inherited) @executable_path/../Frameworks</string>
				<key>PRODUCT_NAME</key>
				<string>Monolingual</string>
				<key>SWIFT_OBJC_BRIDGING_HEADER</key>
				<string>Monolingual-Bridging-Header.h</string>
				<key>SWIFT_OPTIMIZATION_LEVEL</key>
				<string>-Onone</string>
				<key>WRAPPER_EXTENSION</key>
				<string>app</string>
			</dict>
			<key>isa</key>
			<string>XCBuildConfiguration</string>
			<key>name</key>
			<string>Debug</string>
		</dict>
		<key>95AAF5660856C2DC007CEE36</key>
		<dict>
			<key>baseConfigurationReference</key>
			<string>18558DCCEBF1A087C36B16BE</string>
			<key>buildSettings</key>
			<dict>
				<key>ASSETCATALOG_COMPILER_APPICON_NAME</key>
				<string>AppIcon</string>
				<key>CLANG_ENABLE_MODULES</key>
				<string>YES</string>
				<key>CLANG_ENABLE_OBJC_ARC</key>
				<string>YES</string>
				<key>CODE_SIGN_IDENTITY</key>
				<string>Developer ID Application</string>
				<key>COMBINE_HIDPI_IMAGES</key>
				<string>YES</string>
				<key>FRAMEWORK_SEARCH_PATHS</key>
				<array>
					<string>$(SRCROOT)</string>
					<string>$(FRAMEWORK_SEARCH_PATHS_QUOTED_FOR_TARGET_1)</string>
					<string>$(inherited)</string>
				</array>
				<key>INFOPLIST_FILE</key>
				<string>Info.plist</string>
				<key>LD_RUNPATH_SEARCH_PATHS</key>
				<string>$(inherited) @executable_path/../Frameworks</string>
				<key>PRODUCT_NAME</key>
				<string>Monolingual</string>
				<key>SWIFT_OBJC_BRIDGING_HEADER</key>
				<string>Monolingual-Bridging-Header.h</string>
				<key>WRAPPER_EXTENSION</key>
				<string>app</string>
			</dict>
			<key>isa</key>
			<string>XCBuildConfiguration</string>
			<key>name</key>
			<string>Release</string>
		</dict>
		<key>95AAF5680856C2DC007CEE36</key>
		<dict>
			<key>buildConfigurations</key>
			<array>
				<string>95AAF5690856C2DC007CEE36</string>
				<string>95AAF56A0856C2DC007CEE36</string>
			</array>
			<key>defaultConfigurationIsVisible</key>
			<string>0</string>
			<key>defaultConfigurationName</key>
			<string>Release</string>
			<key>isa</key>
			<string>XCConfigurationList</string>
		</dict>
		<key>95AAF5690856C2DC007CEE36</key>
		<dict>
			<key>buildSettings</key>
			<dict>
				<key>CLANG_ENABLE_MODULES</key>
				<string>YES</string>
				<key>CODE_SIGN_IDENTITY</key>
				<string>Developer ID Application: ti und m AG</string>
				<key>COPY_PHASE_STRIP</key>
				<string>NO</string>
				<key>DEAD_CODE_STRIPPING</key>
				<string>NO</string>
				<key>DEBUG_INFORMATION_FORMAT</key>
				<string>dwarf</string>
				<key>DEPLOYMENT_POSTPROCESSING</key>
				<string>NO</string>
				<key>GCC_GENERATE_DEBUGGING_SYMBOLS</key>
				<string>YES</string>
				<key>GCC_OPTIMIZATION_LEVEL</key>
				<string>0</string>
				<key>GCC_SYMBOLS_PRIVATE_EXTERN</key>
				<string>YES</string>
				<key>LLVM_LTO</key>
				<string>NO</string>
				<key>MACOSX_DEPLOYMENT_TARGET</key>
				<string>10.10</string>
				<key>ONLY_ACTIVE_ARCH</key>
				<string>YES</string>
				<key>PRECOMPS_INCLUDE_HEADERS_FROM_BUILT_PRODUCTS_DIR</key>
				<string>NO</string>
				<key>PROVISIONING_PROFILE</key>
				<string></string>
				<key>RUN_CLANG_STATIC_ANALYZER</key>
				<string>NO</string>
				<key>SDKROOT</key>
				<string>macosx</string>
				<key>STRIP_INSTALLED_PRODUCT</key>
				<string>NO</string>
				<key>WARNING_CFLAGS</key>
				<array>
					<string>-Weverything</string>
					<string>-Wno-objc-missing-property-synthesis</string>
				</array>
			</dict>
			<key>isa</key>
			<string>XCBuildConfiguration</string>
			<key>name</key>
			<string>Debug</string>
		</dict>
		<key>95AAF56A0856C2DC007CEE36</key>
		<dict>
			<key>buildSettings</key>
			<dict>
				<key>CLANG_ENABLE_MODULES</key>
				<string>YES</string>
				<key>CODE_SIGN_IDENTITY</key>
				<string>Developer ID Application: ti und m AG</string>
				<key>COPY_PHASE_STRIP</key>
				<string>NO</string>
				<key>DEAD_CODE_STRIPPING</key>
				<string>YES</string>
				<key>DEBUG_INFORMATION_FORMAT</key>
				<string>dwarf-with-dsym</string>
				<key>DEPLOYMENT_POSTPROCESSING</key>
				<string>YES</string>
				<key>GCC_GENERATE_DEBUGGING_SYMBOLS</key>
				<string>YES</string>
				<key>GCC_OPTIMIZATION_LEVEL</key>
				<string>fast</string>
				<key>GCC_SYMBOLS_PRIVATE_EXTERN</key>
				<string>YES</string>
				<key>GCC_WARN_UNINITIALIZED_AUTOS</key>
				<string>YES</string>
				<key>GCC_WARN_UNUSED_VARIABLE</key>
				<string>YES</string>
				<key>LLVM_LTO</key>
				<string>YES</string>
				<key>MACOSX_DEPLOYMENT_TARGET</key>
				<string>10.10</string>
				<key>PRECOMPS_INCLUDE_HEADERS_FROM_BUILT_PRODUCTS_DIR</key>
				<string>NO</string>
				<key>PROVISIONING_PROFILE</key>
				<string></string>
				<key>RUN_CLANG_STATIC_ANALYZER</key>
				<string>YES</string>
				<key>SDKROOT</key>
				<string>macosx</string>
				<key>SEPARATE_STRIP</key>
				<string>YES</string>
				<key>WARNING_CFLAGS</key>
				<array>
					<string>-Weverything</string>
					<string>-Wno-objc-missing-property-synthesis</string>
				</array>
			</dict>
			<key>isa</key>
			<string>XCBuildConfiguration</string>
			<key>name</key>
			<string>Release</string>
		</dict>
		<key>95B9D1801769CF3A0072A7E0</key>
		<dict>
			<key>isa</key>
			<string>PBXFileReference</string>
			<key>lastKnownFileType</key>
			<string>folder.assetcatalog</string>
			<key>name</key>
			<string>Media.xcassets</string>
			<key>path</key>
			<string>Monolingual/Media.xcassets</string>
			<key>sourceTree</key>
			<string>&lt;group&gt;</string>
		</dict>
		<key>95B9D1811769CF3A0072A7E0</key>
		<dict>
			<key>fileRef</key>
			<string>95B9D1801769CF3A0072A7E0</string>
			<key>isa</key>
			<string>PBXBuildFile</string>
		</dict>
		<key>95B9D1821769D1E80072A7E0</key>
		<dict>
			<key>buildActionMask</key>
			<string>2147483647</string>
			<key>files</key>
			<array/>
			<key>inputPaths</key>
			<array/>
			<key>isa</key>
			<string>PBXShellScriptBuildPhase</string>
			<key>name</key>
			<string>Codesign Embedded Frameworks</string>
			<key>outputPaths</key>
			<array/>
			<key>runOnlyForDeploymentPostprocessing</key>
			<string>0</string>
			<key>shellPath</key>
			<string>/bin/sh</string>
			<key>shellScript</key>
			<string>#!/bin/sh

# WARNING: You may have to run Clean in Xcode after changing CODE_SIGN_IDENTITY!

# Verify that $CODE_SIGN_IDENTITY is set
if [ -z "$CODE_SIGN_IDENTITY" ] ; then
echo "CODE_SIGN_IDENTITY needs to be non-empty for codesigning frameworks!"

if [ "$CONFIGURATION" = "Release" ] ; then
exit 1
else
# Codesigning is optional for non-release builds.
exit 0
fi
fi

SAVEIFS=$IFS
IFS=$(echo -en "\n\b")

FRAMEWORK_DIR="${TARGET_BUILD_DIR}/${FRAMEWORKS_FOLDER_PATH}"

# Loop through all frameworks
FRAMEWORKS=`find "${FRAMEWORK_DIR}" -type d -name "*.framework" | sed -e "s/\(.*\)/\1\/Versions\/A\//"`
RESULT=$?
if [[ $RESULT != 0 ]] ; then
exit 1
fi

echo "Found:"
echo "${FRAMEWORKS}"

for FRAMEWORK in $FRAMEWORKS;
do
echo "Signing '${FRAMEWORK}'"
`codesign -f -v -s "${CODE_SIGN_IDENTITY}" "${FRAMEWORK}"`
RESULT=$?
if [[ $RESULT != 0 ]] ; then
exit 1
fi
done

# restore $IFS
IFS=$SAVEIFS</string>
		</dict>
		<key>95BC963D0991F2C9001DEF94</key>
		<dict>
			<key>fileEncoding</key>
			<string>30</string>
			<key>isa</key>
			<string>PBXFileReference</string>
			<key>lastKnownFileType</key>
			<string>sourcecode.c.c</string>
			<key>path</key>
			<string>lipo.c</string>
			<key>sourceTree</key>
			<string>&lt;group&gt;</string>
		</dict>
		<key>95BC963E0991F2C9001DEF94</key>
		<dict>
			<key>fileRef</key>
			<string>95BC963D0991F2C9001DEF94</string>
			<key>isa</key>
			<string>PBXBuildFile</string>
		</dict>
		<key>95BC989F099228D5001DEF94</key>
		<dict>
			<key>fileEncoding</key>
			<string>4</string>
			<key>isa</key>
			<string>PBXFileReference</string>
			<key>lastKnownFileType</key>
			<string>sourcecode.c.h</string>
			<key>lineEnding</key>
			<string>0</string>
			<key>path</key>
			<string>lipo.h</string>
			<key>sourceTree</key>
			<string>&lt;group&gt;</string>
			<key>xcLanguageSpecificationIdentifier</key>
			<string>xcode.lang.objcpp</string>
		</dict>
		<key>95C3AA3615CC315C0017352A</key>
		<dict>
			<key>buildActionMask</key>
			<string>2147483647</string>
			<key>dstPath</key>
			<string>Contents/Library/LaunchServices</string>
			<key>dstSubfolderSpec</key>
			<string>1</string>
			<key>files</key>
			<array>
				<string>95C3AA3715CC316D0017352A</string>
			</array>
			<key>isa</key>
			<string>PBXCopyFilesBuildPhase</string>
			<key>name</key>
			<string>Copy Files</string>
			<key>runOnlyForDeploymentPostprocessing</key>
			<string>0</string>
		</dict>
		<key>95C3AA3715CC316D0017352A</key>
		<dict>
			<key>fileRef</key>
			<string>95C3C9600610144300D417BC</string>
			<key>isa</key>
			<string>PBXBuildFile</string>
			<key>settings</key>
			<dict>
				<key>ATTRIBUTES</key>
				<array>
					<string>CodeSignOnCopy</string>
				</array>
			</dict>
		</dict>
		<key>95C3C95D0610144300D417BC</key>
		<dict>
			<key>buildActionMask</key>
			<string>2147483647</string>
			<key>files</key>
			<array>
				<string>95D7A8AD098D42F800DCE08D</string>
				<string>95BC963E0991F2C9001DEF94</string>
			</array>
			<key>isa</key>
			<string>PBXSourcesBuildPhase</string>
			<key>runOnlyForDeploymentPostprocessing</key>
			<string>0</string>
		</dict>
		<key>95C3C95E0610144300D417BC</key>
		<dict>
			<key>buildActionMask</key>
			<string>2147483647</string>
			<key>files</key>
			<array/>
			<key>isa</key>
			<string>PBXFrameworksBuildPhase</string>
			<key>runOnlyForDeploymentPostprocessing</key>
			<string>0</string>
		</dict>
		<key>95C3C95F0610144300D417BC</key>
		<dict>
			<key>buildConfigurationList</key>
			<string>95AAF5600856C2DC007CEE36</string>
			<key>buildPhases</key>
			<array>
				<string>95C3C95D0610144300D417BC</string>
				<string>95C3C95E0610144300D417BC</string>
			</array>
			<key>buildRules</key>
			<array/>
			<key>dependencies</key>
			<array/>
			<key>isa</key>
			<string>PBXNativeTarget</string>
			<key>name</key>
			<string>net.sourceforge.MonolingualHelper</string>
			<key>productName</key>
			<string>Helper</string>
			<key>productReference</key>
			<string>95C3C9600610144300D417BC</string>
			<key>productType</key>
			<string>com.apple.product-type.tool</string>
		</dict>
		<key>95C3C9600610144300D417BC</key>
		<dict>
			<key>explicitFileType</key>
			<string>compiled.mach-o.executable</string>
			<key>includeInIndex</key>
			<string>0</string>
			<key>isa</key>
			<string>PBXFileReference</string>
			<key>path</key>
			<string>net.sourceforge.MonolingualHelper</string>
			<key>sourceTree</key>
			<string>BUILT_PRODUCTS_DIR</string>
		</dict>
		<key>95CB1AFE06E8DDDD00293B60</key>
		<dict>
			<key>fileEncoding</key>
			<string>10</string>
			<key>isa</key>
			<string>PBXFileReference</string>
			<key>lastKnownFileType</key>
			<string>text.plist.strings</string>
			<key>lineEnding</key>
			<string>0</string>
			<key>name</key>
			<string>Italian</string>
			<key>path</key>
			<string>it.lproj/Localizable.strings</string>
			<key>sourceTree</key>
			<string>&lt;group&gt;</string>
		</dict>
		<key>95D7A8AC098D42F800DCE08D</key>
		<dict>
			<key>fileEncoding</key>
			<string>30</string>
			<key>isa</key>
			<string>PBXFileReference</string>
			<key>lastKnownFileType</key>
			<string>sourcecode.c.c</string>
			<key>lineEnding</key>
			<string>0</string>
			<key>path</key>
			<string>helper.c</string>
			<key>sourceTree</key>
			<string>&lt;group&gt;</string>
			<key>xcLanguageSpecificationIdentifier</key>
			<string>xcode.lang.c</string>
		</dict>
		<key>95D7A8AD098D42F800DCE08D</key>
		<dict>
			<key>fileRef</key>
			<string>95D7A8AC098D42F800DCE08D</string>
			<key>isa</key>
			<string>PBXBuildFile</string>
		</dict>
		<key>95D7A921098D48B700DCE08D</key>
		<dict>
			<key>isa</key>
			<string>PBXFileReference</string>
			<key>lastKnownFileType</key>
			<string>wrapper.rtfd</string>
			<key>path</key>
			<string>Leggimi.rtfd</string>
			<key>sourceTree</key>
			<string>&lt;group&gt;</string>
		</dict>
		<key>95D7A922098D48B700DCE08D</key>
		<dict>
			<key>fileRef</key>
			<string>95D7A921098D48B700DCE08D</string>
			<key>isa</key>
			<string>PBXBuildFile</string>
		</dict>
		<key>95D8DBEB197CE6D400AE8CAE</key>
		<dict>
			<key>fileEncoding</key>
			<string>4</string>
			<key>isa</key>
			<string>PBXFileReference</string>
			<key>lastKnownFileType</key>
			<string>sourcecode.swift</string>
			<key>path</key>
			<string>XPCObject.swift</string>
			<key>sourceTree</key>
			<string>&lt;group&gt;</string>
		</dict>
		<key>95D8DBEC197CE6D400AE8CAE</key>
		<dict>
			<key>fileRef</key>
			<string>95D8DBEB197CE6D400AE8CAE</string>
			<key>isa</key>
			<string>PBXBuildFile</string>
		</dict>
		<key>95E7A46D06115DA5009E5926</key>
		<dict>
			<key>containerPortal</key>
			<string>29B97313FDCFA39411CA2CEA</string>
			<key>isa</key>
			<string>PBXContainerItemProxy</string>
			<key>proxyType</key>
			<string>1</string>
			<key>remoteGlobalIDString</key>
			<string>95C3C95F0610144300D417BC</string>
			<key>remoteInfo</key>
			<string>Helper</string>
		</dict>
		<key>95E7A46E06115DA5009E5926</key>
		<dict>
			<key>isa</key>
			<string>PBXTargetDependency</string>
			<key>target</key>
			<string>95C3C95F0610144300D417BC</string>
			<key>targetProxy</key>
			<string>95E7A46D06115DA5009E5926</string>
		</dict>
		<key>95E8634115D81004004EF9ED</key>
		<dict>
			<key>isa</key>
			<string>PBXFileReference</string>
			<key>lastKnownFileType</key>
			<string>text.xml</string>
			<key>path</key>
			<string>Monolingual.entitlements</string>
			<key>sourceTree</key>
			<string>&lt;group&gt;</string>
		</dict>
		<key>95EDCC84062C3B83007229A3</key>
		<dict>
			<key>fileEncoding</key>
			<string>10</string>
			<key>isa</key>
			<string>PBXFileReference</string>
			<key>lastKnownFileType</key>
			<string>text.plist.strings</string>
			<key>lineEnding</key>
			<string>0</string>
			<key>name</key>
			<string>French</string>
			<key>path</key>
			<string>fr.lproj/Localizable.strings</string>
			<key>sourceTree</key>
			<string>&lt;group&gt;</string>
			<key>xcLanguageSpecificationIdentifier</key>
			<string>xcode.lang.simpleColoring</string>
		</dict>
		<key>95EDCC87062C4264007229A3</key>
		<dict>
			<key>isa</key>
			<string>PBXFileReference</string>
			<key>lastKnownFileType</key>
			<string>wrapper.rtfd</string>
			<key>path</key>
			<string>LisezMoi.rtfd</string>
			<key>sourceTree</key>
			<string>&lt;group&gt;</string>
		</dict>
		<key>95EDCC88062C4264007229A3</key>
		<dict>
			<key>fileRef</key>
			<string>95EDCC87062C4264007229A3</string>
			<key>isa</key>
			<string>PBXBuildFile</string>
		</dict>
		<key>95EDCC8B062C4393007229A3</key>
		<dict>
			<key>fileEncoding</key>
			<string>10</string>
			<key>isa</key>
			<string>PBXFileReference</string>
			<key>lastKnownFileType</key>
			<string>text.plist.strings</string>
			<key>lineEnding</key>
			<string>0</string>
			<key>name</key>
			<string>French</string>
			<key>path</key>
			<string>fr.lproj/InfoPlist.strings</string>
			<key>sourceTree</key>
			<string>&lt;group&gt;</string>
			<key>xcLanguageSpecificationIdentifier</key>
			<string>xcode.lang.simpleColoring</string>
		</dict>
		<key>95F508FD098CC8DF009FD7EC</key>
		<dict>
			<key>isa</key>
			<string>PBXFileReference</string>
			<key>lastKnownFileType</key>
			<string>text.html</string>
			<key>name</key>
			<string>English</string>
			<key>path</key>
			<string>en.lproj/Credits.html</string>
			<key>sourceTree</key>
			<string>&lt;group&gt;</string>
		</dict>
		<key>95F7771C0ECC2644009C621B</key>
		<dict>
			<key>fileEncoding</key>
			<string>4</string>
			<key>isa</key>
			<string>PBXFileReference</string>
			<key>lastKnownFileType</key>
			<string>text</string>
			<key>path</key>
			<string>dsa_pub.pem</string>
			<key>sourceTree</key>
			<string>&lt;group&gt;</string>
		</dict>
		<key>95F7771D0ECC2644009C621B</key>
		<dict>
			<key>fileRef</key>
			<string>95F7771C0ECC2644009C621B</string>
			<key>isa</key>
			<string>PBXBuildFile</string>
		</dict>
		<key>95FAA327197507E400C506EE</key>
		<dict>
			<key>isa</key>
			<string>PBXFileReference</string>
			<key>lastKnownFileType</key>
			<string>text.plist.strings</string>
			<key>name</key>
			<string>de</string>
			<key>path</key>
			<string>de.lproj/Main.strings</string>
			<key>sourceTree</key>
			<string>&lt;group&gt;</string>
		</dict>
		<key>95FAA329197507F500C506EE</key>
		<dict>
			<key>isa</key>
			<string>PBXFileReference</string>
			<key>lastKnownFileType</key>
			<string>text.plist.strings</string>
			<key>name</key>
			<string>fr</string>
			<key>path</key>
			<string>fr.lproj/Main.strings</string>
			<key>sourceTree</key>
			<string>&lt;group&gt;</string>
		</dict>
		<key>95FAA32B19752A5300C506EE</key>
		<dict>
			<key>isa</key>
			<string>PBXFileReference</string>
			<key>lastKnownFileType</key>
			<string>text.plist.strings</string>
			<key>name</key>
			<string>sv</string>
			<key>path</key>
			<string>sv.lproj/Main.strings</string>
			<key>sourceTree</key>
			<string>&lt;group&gt;</string>
		</dict>
		<key>95FAA32D19752A5D00C506EE</key>
		<dict>
			<key>isa</key>
			<string>PBXFileReference</string>
			<key>lastKnownFileType</key>
			<string>text.plist.strings</string>
			<key>name</key>
			<string>pl</string>
			<key>path</key>
			<string>pl.lproj/Main.strings</string>
			<key>sourceTree</key>
			<string>&lt;group&gt;</string>
		</dict>
		<key>95FAA32F19752A6300C506EE</key>
		<dict>
			<key>isa</key>
			<string>PBXFileReference</string>
			<key>lastKnownFileType</key>
			<string>text.plist.strings</string>
			<key>name</key>
			<string>it</string>
			<key>path</key>
			<string>it.lproj/Main.strings</string>
			<key>sourceTree</key>
			<string>&lt;group&gt;</string>
		</dict>
		<key>95FAA33119752A6700C506EE</key>
		<dict>
			<key>isa</key>
			<string>PBXFileReference</string>
			<key>lastKnownFileType</key>
			<string>text.plist.strings</string>
			<key>name</key>
			<string>es</string>
			<key>path</key>
			<string>es.lproj/Main.strings</string>
			<key>sourceTree</key>
			<string>&lt;group&gt;</string>
		</dict>
		<key>95FAA33319752A6B00C506EE</key>
		<dict>
			<key>isa</key>
			<string>PBXFileReference</string>
			<key>lastKnownFileType</key>
			<string>text.plist.strings</string>
			<key>name</key>
			<string>el</string>
			<key>path</key>
			<string>el.lproj/Main.strings</string>
			<key>sourceTree</key>
			<string>&lt;group&gt;</string>
		</dict>
		<key>95FAA33519752A7200C506EE</key>
		<dict>
			<key>isa</key>
			<string>PBXFileReference</string>
			<key>lastKnownFileType</key>
			<string>text.plist.strings</string>
			<key>name</key>
			<string>ja</string>
			<key>path</key>
			<string>ja.lproj/Main.strings</string>
			<key>sourceTree</key>
			<string>&lt;group&gt;</string>
		</dict>
		<key>95FAA33719752AA900C506EE</key>
		<dict>
			<key>isa</key>
			<string>PBXFileReference</string>
			<key>lastKnownFileType</key>
			<string>text.plist.strings</string>
			<key>name</key>
			<string>en</string>
			<key>path</key>
			<string>en.lproj/Main.strings</string>
			<key>sourceTree</key>
			<string>&lt;group&gt;</string>
		</dict>
		<key>99364D33D1AC3B7485A9E0BD</key>
		<dict>
			<key>includeInIndex</key>
			<string>1</string>
			<key>isa</key>
			<string>PBXFileReference</string>
			<key>lastKnownFileType</key>
			<string>text.xcconfig</string>
			<key>name</key>
			<string>Pods.travis.xcconfig</string>
			<key>path</key>
			<string>Pods/Target Support Files/Pods/Pods.travis.xcconfig</string>
			<key>sourceTree</key>
			<string>&lt;group&gt;</string>
		</dict>
		<key>BBAA88227DBF43E0B7EEA1E5</key>
		<dict>
			<key>buildActionMask</key>
			<string>2147483647</string>
			<key>files</key>
			<array/>
			<key>inputPaths</key>
			<array/>
			<key>isa</key>
			<string>PBXShellScriptBuildPhase</string>
			<key>name</key>
			<string>Copy Pods Resources</string>
			<key>outputPaths</key>
			<array/>
			<key>runOnlyForDeploymentPostprocessing</key>
			<string>0</string>
			<key>shellPath</key>
			<string>/bin/sh</string>
			<key>shellScript</key>
			<string>"${SRCROOT}/Pods/Target Support Files/Pods/Pods-resources.sh"
</string>
			<key>showEnvVarsInLog</key>
			<string>0</string>
		</dict>
		<key>F505F4EC0300C29D01E3DC1E</key>
		<dict>
			<key>fileEncoding</key>
			<string>10</string>
			<key>isa</key>
			<string>PBXFileReference</string>
			<key>lastKnownFileType</key>
			<string>text.plist.strings</string>
			<key>lineEnding</key>
			<string>0</string>
			<key>name</key>
			<string>German</string>
			<key>path</key>
			<string>de.lproj/InfoPlist.strings</string>
			<key>sourceTree</key>
			<string>&lt;group&gt;</string>
			<key>xcLanguageSpecificationIdentifier</key>
			<string>xcode.lang.simpleColoring</string>
		</dict>
		<key>F505F4ED0300C2B001E3DC1E</key>
		<dict>
			<key>fileEncoding</key>
			<string>10</string>
			<key>isa</key>
			<string>PBXFileReference</string>
			<key>lastKnownFileType</key>
			<string>text.plist.strings</string>
			<key>lineEnding</key>
			<string>0</string>
			<key>name</key>
			<string>German</string>
			<key>path</key>
			<string>de.lproj/Localizable.strings</string>
			<key>sourceTree</key>
			<string>&lt;group&gt;</string>
			<key>xcLanguageSpecificationIdentifier</key>
			<string>xcode.lang.simpleColoring</string>
		</dict>
		<key>F51C1B3401F29B1C0120C6FA</key>
		<dict>
			<key>children</key>
			<array>
				<string>F51C1B3501F29B1C0120C6FA</string>
				<string>F51C1B3701F2ACAC0120C6FA</string>
				<string>F5230A69028CE07101D970AB</string>
				<string>F52C8EEC02C5606B01250A50</string>
				<string>F505F4ED0300C2B001E3DC1E</string>
				<string>95EDCC84062C3B83007229A3</string>
				<string>95CB1AFE06E8DDDD00293B60</string>
				<string>95852A7D1119CD8F00B54346</string>
				<string>95A75A8318FC6C9300BD2E36</string>
				<string>95955DFA1A041F1100165C3E</string>
			</array>
			<key>isa</key>
			<string>PBXVariantGroup</string>
			<key>name</key>
			<string>Localizable.strings</string>
			<key>sourceTree</key>
			<string>&lt;group&gt;</string>
		</dict>
		<key>F51C1B3501F29B1C0120C6FA</key>
		<dict>
			<key>fileEncoding</key>
			<string>10</string>
			<key>isa</key>
			<string>PBXFileReference</string>
			<key>lastKnownFileType</key>
			<string>text.plist.strings</string>
			<key>lineEnding</key>
			<string>0</string>
			<key>name</key>
			<string>English</string>
			<key>path</key>
			<string>en.lproj/Localizable.strings</string>
			<key>sourceTree</key>
			<string>&lt;group&gt;</string>
			<key>xcLanguageSpecificationIdentifier</key>
			<string>xcode.lang.simpleColoring</string>
		</dict>
		<key>F51C1B3701F2ACAC0120C6FA</key>
		<dict>
			<key>fileEncoding</key>
			<string>10</string>
			<key>isa</key>
			<string>PBXFileReference</string>
			<key>lastKnownFileType</key>
			<string>text.plist.strings</string>
			<key>lineEnding</key>
			<string>0</string>
			<key>name</key>
			<string>Japanese</string>
			<key>path</key>
			<string>ja.lproj/Localizable.strings</string>
			<key>sourceTree</key>
			<string>&lt;group&gt;</string>
			<key>xcLanguageSpecificationIdentifier</key>
			<string>xcode.lang.simpleColoring</string>
		</dict>
		<key>F5230A69028CE07101D970AB</key>
		<dict>
			<key>fileEncoding</key>
			<string>10</string>
			<key>isa</key>
			<string>PBXFileReference</string>
			<key>lastKnownFileType</key>
			<string>text.plist.strings</string>
			<key>lineEnding</key>
			<string>0</string>
			<key>name</key>
			<string>Swedish</string>
			<key>path</key>
			<string>sv.lproj/Localizable.strings</string>
			<key>sourceTree</key>
			<string>&lt;group&gt;</string>
		</dict>
		<key>F5230A6E028CE07101D970AB</key>
		<dict>
			<key>fileEncoding</key>
			<string>10</string>
			<key>isa</key>
			<string>PBXFileReference</string>
			<key>lastKnownFileType</key>
			<string>text.plist.strings</string>
			<key>lineEnding</key>
			<string>0</string>
			<key>name</key>
			<string>Swedish</string>
			<key>path</key>
			<string>sv.lproj/InfoPlist.strings</string>
			<key>sourceTree</key>
			<string>&lt;group&gt;</string>
			<key>xcLanguageSpecificationIdentifier</key>
			<string>xcode.lang.simpleColoring</string>
		</dict>
		<key>F52C8EEB02C5606B01250A50</key>
		<dict>
			<key>fileEncoding</key>
			<string>10</string>
			<key>isa</key>
			<string>PBXFileReference</string>
			<key>lastKnownFileType</key>
			<string>text.plist.strings</string>
			<key>lineEnding</key>
			<string>0</string>
			<key>name</key>
			<string>Polish</string>
			<key>path</key>
			<string>pl.lproj/InfoPlist.strings</string>
			<key>sourceTree</key>
			<string>&lt;group&gt;</string>
			<key>xcLanguageSpecificationIdentifier</key>
			<string>xcode.lang.simpleColoring</string>
		</dict>
		<key>F52C8EEC02C5606B01250A50</key>
		<dict>
			<key>fileEncoding</key>
			<string>10</string>
			<key>isa</key>
			<string>PBXFileReference</string>
			<key>lastKnownFileType</key>
			<string>text.plist.strings</string>
			<key>lineEnding</key>
			<string>0</string>
			<key>name</key>
			<string>Polish</string>
			<key>path</key>
			<string>pl.lproj/Localizable.strings</string>
			<key>sourceTree</key>
			<string>&lt;group&gt;</string>
			<key>xcLanguageSpecificationIdentifier</key>
			<string>xcode.lang.simpleColoring</string>
		</dict>
		<key>F5A6E37F01A07759016596AB</key>
		<dict>
			<key>fileEncoding</key>
			<string>30</string>
			<key>isa</key>
			<string>PBXFileReference</string>
			<key>lastKnownFileType</key>
			<string>text</string>
			<key>path</key>
			<string>COPYING.txt</string>
			<key>sourceTree</key>
			<string>&lt;group&gt;</string>
		</dict>
		<key>F5DF00D801EC02150120C6FA</key>
		<dict>
			<key>fileEncoding</key>
			<string>10</string>
			<key>isa</key>
			<string>PBXFileReference</string>
			<key>lastKnownFileType</key>
			<string>text.plist.strings</string>
			<key>lineEnding</key>
			<string>0</string>
			<key>name</key>
			<string>Japanese</string>
			<key>path</key>
			<string>ja.lproj/InfoPlist.strings</string>
			<key>sourceTree</key>
			<string>&lt;group&gt;</string>
			<key>xcLanguageSpecificationIdentifier</key>
			<string>xcode.lang.simpleColoring</string>
		</dict>
	</dict>
	<key>rootObject</key>
	<string>29B97313FDCFA39411CA2CEA</string>
</dict>
</plist>
